// !$*UTF8*$!
{
	archiveVersion = 1;
	classes = {
	};
	objectVersion = 50;
	objects = {

/* Begin PBXBuildFile section */
		1A20639A24AC7B8A00F6F444 /* LongImgController.m in Sources */ = {isa = PBXBuildFile; fileRef = 1A20639924AC7B8A00F6F444 /* LongImgController.m */; };
		1A50DDCD24AC93320021350F /* LICENSE in Resources */ = {isa = PBXBuildFile; fileRef = 1A50DD3E24AC93320021350F /* LICENSE */; };
		1A50DDCE24AC93320021350F /* README.md in Resources */ = {isa = PBXBuildFile; fileRef = 1A50DD3F24AC93320021350F /* README.md */; };
		1A50DDCF24AC93320021350F /* SDImageHEICCoder.m in Sources */ = {isa = PBXBuildFile; fileRef = 1A50DD4324AC93320021350F /* SDImageHEICCoder.m */; };
		1A50DDD024AC93320021350F /* NSImage+Compatibility.m in Sources */ = {isa = PBXBuildFile; fileRef = 1A50DD4524AC93320021350F /* NSImage+Compatibility.m */; };
		1A50DDD124AC93320021350F /* SDAnimatedImageView+WebCache.m in Sources */ = {isa = PBXBuildFile; fileRef = 1A50DD4724AC93320021350F /* SDAnimatedImageView+WebCache.m */; };
		1A50DDD224AC93320021350F /* SDImageCoder.m in Sources */ = {isa = PBXBuildFile; fileRef = 1A50DD4924AC93320021350F /* SDImageCoder.m */; };
		1A50DDD324AC93320021350F /* SDWebImageDownloaderDecryptor.m in Sources */ = {isa = PBXBuildFile; fileRef = 1A50DD4E24AC93320021350F /* SDWebImageDownloaderDecryptor.m */; };
		1A50DDD424AC93320021350F /* SDWebImageManager.m in Sources */ = {isa = PBXBuildFile; fileRef = 1A50DD5224AC93320021350F /* SDWebImageManager.m */; };
		1A50DDD524AC93320021350F /* SDImageIOAnimatedCoder.m in Sources */ = {isa = PBXBuildFile; fileRef = 1A50DD5424AC93320021350F /* SDImageIOAnimatedCoder.m */; };
		1A50DDD624AC93320021350F /* UIImageView+HighlightedWebCache.m in Sources */ = {isa = PBXBuildFile; fileRef = 1A50DD5624AC93320021350F /* UIImageView+HighlightedWebCache.m */; };
		1A50DDD724AC93320021350F /* SDAnimatedImage.m in Sources */ = {isa = PBXBuildFile; fileRef = 1A50DD5B24AC93320021350F /* SDAnimatedImage.m */; };
		1A50DDD824AC93320021350F /* SDAnimatedImageView.m in Sources */ = {isa = PBXBuildFile; fileRef = 1A50DD5C24AC93320021350F /* SDAnimatedImageView.m */; };
		1A50DDD924AC93320021350F /* UIImage+ForceDecode.m in Sources */ = {isa = PBXBuildFile; fileRef = 1A50DD5D24AC93320021350F /* UIImage+ForceDecode.m */; };
		1A50DDDA24AC93320021350F /* SDAnimatedImagePlayer.m in Sources */ = {isa = PBXBuildFile; fileRef = 1A50DD6024AC93320021350F /* SDAnimatedImagePlayer.m */; };
		1A50DDDB24AC93320021350F /* UIImage+Transform.m in Sources */ = {isa = PBXBuildFile; fileRef = 1A50DD6124AC93320021350F /* UIImage+Transform.m */; };
		1A50DDDC24AC93320021350F /* SDWebImageDownloader.m in Sources */ = {isa = PBXBuildFile; fileRef = 1A50DD6324AC93320021350F /* SDWebImageDownloader.m */; };
		1A50DDDD24AC93320021350F /* SDImageLoader.m in Sources */ = {isa = PBXBuildFile; fileRef = 1A50DD6524AC93320021350F /* SDImageLoader.m */; };
		1A50DDDE24AC93320021350F /* SDWebImageCacheSerializer.m in Sources */ = {isa = PBXBuildFile; fileRef = 1A50DD6624AC93320021350F /* SDWebImageCacheSerializer.m */; };
		1A50DDDF24AC93320021350F /* SDWebImageIndicator.m in Sources */ = {isa = PBXBuildFile; fileRef = 1A50DD6724AC93320021350F /* SDWebImageIndicator.m */; };
		1A50DDE024AC93320021350F /* SDGraphicsImageRenderer.m in Sources */ = {isa = PBXBuildFile; fileRef = 1A50DD6824AC93320021350F /* SDGraphicsImageRenderer.m */; };
		1A50DDE124AC93320021350F /* UIImage+GIF.m in Sources */ = {isa = PBXBuildFile; fileRef = 1A50DD6924AC93320021350F /* UIImage+GIF.m */; };
		1A50DDE224AC93320021350F /* SDImageCodersManager.m in Sources */ = {isa = PBXBuildFile; fileRef = 1A50DD6A24AC93320021350F /* SDImageCodersManager.m */; };
		1A50DDE324AC93320021350F /* UIImage+MultiFormat.m in Sources */ = {isa = PBXBuildFile; fileRef = 1A50DD6D24AC93320021350F /* UIImage+MultiFormat.m */; };
		1A50DDE424AC93320021350F /* SDMemoryCache.m in Sources */ = {isa = PBXBuildFile; fileRef = 1A50DD6E24AC93320021350F /* SDMemoryCache.m */; };
		1A50DDE524AC93320021350F /* SDWebImageCompat.m in Sources */ = {isa = PBXBuildFile; fileRef = 1A50DD7024AC93320021350F /* SDWebImageCompat.m */; };
		1A50DDE624AC93320021350F /* SDImageAPNGCoder.m in Sources */ = {isa = PBXBuildFile; fileRef = 1A50DD7124AC93320021350F /* SDImageAPNGCoder.m */; };
		1A50DDE724AC93320021350F /* SDWebImageDownloaderResponseModifier.m in Sources */ = {isa = PBXBuildFile; fileRef = 1A50DD7224AC93320021350F /* SDWebImageDownloaderResponseModifier.m */; };
		1A50DDE824AC93320021350F /* SDWebImageError.m in Sources */ = {isa = PBXBuildFile; fileRef = 1A50DD7324AC93320021350F /* SDWebImageError.m */; };
		1A50DDE924AC93320021350F /* SDWebImagePrefetcher.m in Sources */ = {isa = PBXBuildFile; fileRef = 1A50DD7424AC93320021350F /* SDWebImagePrefetcher.m */; };
		1A50DDEA24AC93320021350F /* SDImageCoderHelper.m in Sources */ = {isa = PBXBuildFile; fileRef = 1A50DD7524AC93320021350F /* SDImageCoderHelper.m */; };
		1A50DDEB24AC93320021350F /* NSButton+WebCache.m in Sources */ = {isa = PBXBuildFile; fileRef = 1A50DD7A24AC93320021350F /* NSButton+WebCache.m */; };
		1A50DDEC24AC93320021350F /* SDImageIOCoder.m in Sources */ = {isa = PBXBuildFile; fileRef = 1A50DD7C24AC93320021350F /* SDImageIOCoder.m */; };
		1A50DDED24AC93320021350F /* SDDiskCache.m in Sources */ = {isa = PBXBuildFile; fileRef = 1A50DD7E24AC93320021350F /* SDDiskCache.m */; };
		1A50DDEE24AC93320021350F /* SDAnimatedImageRep.m in Sources */ = {isa = PBXBuildFile; fileRef = 1A50DD8024AC93320021350F /* SDAnimatedImageRep.m */; };
		1A50DDEF24AC93320021350F /* UIImage+ExtendedCacheData.m in Sources */ = {isa = PBXBuildFile; fileRef = 1A50DD8224AC93320021350F /* UIImage+ExtendedCacheData.m */; };
		1A50DDF024AC93320021350F /* SDWebImageDownloaderConfig.m in Sources */ = {isa = PBXBuildFile; fileRef = 1A50DD8424AC93320021350F /* SDWebImageDownloaderConfig.m */; };
		1A50DDF124AC93320021350F /* SDImageCache.m in Sources */ = {isa = PBXBuildFile; fileRef = 1A50DD8624AC93320021350F /* SDImageCache.m */; };
		1A50DDF224AC93320021350F /* SDImageGIFCoder.m in Sources */ = {isa = PBXBuildFile; fileRef = 1A50DD8724AC93320021350F /* SDImageGIFCoder.m */; };
		1A50DDF324AC93320021350F /* SDImageFrame.m in Sources */ = {isa = PBXBuildFile; fileRef = 1A50DD8924AC93320021350F /* SDImageFrame.m */; };
		1A50DDF424AC93320021350F /* SDWebImageDownloaderOperation.m in Sources */ = {isa = PBXBuildFile; fileRef = 1A50DD8A24AC93320021350F /* SDWebImageDownloaderOperation.m */; };
		1A50DDF524AC93320021350F /* SDImageLoadersManager.m in Sources */ = {isa = PBXBuildFile; fileRef = 1A50DD8C24AC93320021350F /* SDImageLoadersManager.m */; };
		1A50DDF624AC93320021350F /* SDImageCachesManager.m in Sources */ = {isa = PBXBuildFile; fileRef = 1A50DD8D24AC93320021350F /* SDImageCachesManager.m */; };
		1A50DDF724AC93320021350F /* SDWebImageTransition.m in Sources */ = {isa = PBXBuildFile; fileRef = 1A50DD8E24AC93320021350F /* SDWebImageTransition.m */; };
		1A50DDF824AC93320021350F /* SDImageTransformer.m in Sources */ = {isa = PBXBuildFile; fileRef = 1A50DD9024AC93320021350F /* SDImageTransformer.m */; };
		1A50DDF924AC93320021350F /* NSData+ImageContentType.m in Sources */ = {isa = PBXBuildFile; fileRef = 1A50DD9124AC93320021350F /* NSData+ImageContentType.m */; };
		1A50DDFA24AC93320021350F /* UIImageView+WebCache.m in Sources */ = {isa = PBXBuildFile; fileRef = 1A50DD9224AC93320021350F /* UIImageView+WebCache.m */; };
		1A50DDFB24AC93320021350F /* SDImageGraphics.m in Sources */ = {isa = PBXBuildFile; fileRef = 1A50DD9524AC93320021350F /* SDImageGraphics.m */; };
		1A50DDFC24AC93320021350F /* SDImageCacheDefine.m in Sources */ = {isa = PBXBuildFile; fileRef = 1A50DD9A24AC93320021350F /* SDImageCacheDefine.m */; };
		1A50DDFD24AC93320021350F /* UIImage+MemoryCacheCost.m in Sources */ = {isa = PBXBuildFile; fileRef = 1A50DD9C24AC93320021350F /* UIImage+MemoryCacheCost.m */; };
		1A50DDFE24AC93320021350F /* SDImageCacheConfig.m in Sources */ = {isa = PBXBuildFile; fileRef = 1A50DD9F24AC93320021350F /* SDImageCacheConfig.m */; };
		1A50DDFF24AC93320021350F /* SDWebImageCacheKeyFilter.m in Sources */ = {isa = PBXBuildFile; fileRef = 1A50DDA024AC93320021350F /* SDWebImageCacheKeyFilter.m */; };
		1A50DE0024AC93320021350F /* SDWebImageDefine.m in Sources */ = {isa = PBXBuildFile; fileRef = 1A50DDA224AC93320021350F /* SDWebImageDefine.m */; };
		1A50DE0124AC93320021350F /* SDWebImageOptionsProcessor.m in Sources */ = {isa = PBXBuildFile; fileRef = 1A50DDA424AC93320021350F /* SDWebImageOptionsProcessor.m */; };
		1A50DE0224AC93320021350F /* UIView+WebCacheOperation.m in Sources */ = {isa = PBXBuildFile; fileRef = 1A50DDA524AC93320021350F /* UIView+WebCacheOperation.m */; };
		1A50DE0324AC93320021350F /* UIView+WebCache.m in Sources */ = {isa = PBXBuildFile; fileRef = 1A50DDA624AC93320021350F /* UIView+WebCache.m */; };
		1A50DE0424AC93320021350F /* UIImage+Metadata.m in Sources */ = {isa = PBXBuildFile; fileRef = 1A50DDAD24AC93320021350F /* UIImage+Metadata.m */; };
		1A50DE0524AC93320021350F /* UIButton+WebCache.m in Sources */ = {isa = PBXBuildFile; fileRef = 1A50DDAF24AC93320021350F /* UIButton+WebCache.m */; };
		1A50DE0624AC93320021350F /* SDWebImageDownloaderRequestModifier.m in Sources */ = {isa = PBXBuildFile; fileRef = 1A50DDB024AC93320021350F /* SDWebImageDownloaderRequestModifier.m */; };
		1A50DE0724AC93320021350F /* SDImageCachesManagerOperation.m in Sources */ = {isa = PBXBuildFile; fileRef = 1A50DDB624AC93320021350F /* SDImageCachesManagerOperation.m */; };
		1A50DE0824AC93320021350F /* SDImageAssetManager.m in Sources */ = {isa = PBXBuildFile; fileRef = 1A50DDBA24AC93320021350F /* SDImageAssetManager.m */; };
		1A50DE0924AC93320021350F /* SDDeviceHelper.m in Sources */ = {isa = PBXBuildFile; fileRef = 1A50DDC224AC93320021350F /* SDDeviceHelper.m */; };
		1A50DE0A24AC93320021350F /* SDWeakProxy.m in Sources */ = {isa = PBXBuildFile; fileRef = 1A50DDC324AC93320021350F /* SDWeakProxy.m */; };
		1A50DE0B24AC93320021350F /* SDInternalMacros.m in Sources */ = {isa = PBXBuildFile; fileRef = 1A50DDC424AC93320021350F /* SDInternalMacros.m */; };
		1A50DE0C24AC93320021350F /* SDFileAttributeHelper.m in Sources */ = {isa = PBXBuildFile; fileRef = 1A50DDC524AC93320021350F /* SDFileAttributeHelper.m */; };
		1A50DE0D24AC93320021350F /* SDDisplayLink.m in Sources */ = {isa = PBXBuildFile; fileRef = 1A50DDC724AC93320021350F /* SDDisplayLink.m */; };
		1A50DE0E24AC93320021350F /* SDAsyncBlockOperation.m in Sources */ = {isa = PBXBuildFile; fileRef = 1A50DDC924AC93320021350F /* SDAsyncBlockOperation.m */; };
		1A50DE0F24AC93320021350F /* NSBezierPath+RoundedCorners.m in Sources */ = {isa = PBXBuildFile; fileRef = 1A50DDCA24AC93320021350F /* NSBezierPath+RoundedCorners.m */; };
		1A50DE1024AC93320021350F /* UIColor+HexString.m in Sources */ = {isa = PBXBuildFile; fileRef = 1A50DDCB24AC93320021350F /* UIColor+HexString.m */; };
		1A50DE1124AC93320021350F /* SDAssociatedObject.m in Sources */ = {isa = PBXBuildFile; fileRef = 1A50DDCC24AC93320021350F /* SDAssociatedObject.m */; };
		1A7FFEB024A89537000AF1CA /* AGWechatShare.m in Sources */ = {isa = PBXBuildFile; fileRef = 1A7FFEAF24A89537000AF1CA /* AGWechatShare.m */; };
		1AAE3E2B24AC345800608542 /* WkPdfController.m in Sources */ = {isa = PBXBuildFile; fileRef = 1AAE3E2A24AC345700608542 /* WkPdfController.m */; };
		1AAE3E3124AC35CF00608542 /* UIPrintPageRenderer+PDF.m in Sources */ = {isa = PBXBuildFile; fileRef = 1AAE3E3024AC35CF00608542 /* UIPrintPageRenderer+PDF.m */; };
		1AAE3E3324AC367100608542 /* PDFKit.framework in Frameworks */ = {isa = PBXBuildFile; fileRef = 1AAE3E3224AC367100608542 /* PDFKit.framework */; };
		1AAE7B39247E12E40009080F /* ShadowController.m in Sources */ = {isa = PBXBuildFile; fileRef = 1AAE7B38247E12E40009080F /* ShadowController.m */; };
		524F94B1242CCFEE0061F79F /* UIColor+NSSString.m in Sources */ = {isa = PBXBuildFile; fileRef = 524F94B0242CCFEE0061F79F /* UIColor+NSSString.m */; };
		526887C4242C560F0063A184 /* CircleController.m in Sources */ = {isa = PBXBuildFile; fileRef = 526887C3242C560F0063A184 /* CircleController.m */; };
		526887C7242C68470063A184 /* CalenderController.m in Sources */ = {isa = PBXBuildFile; fileRef = 526887C6242C68470063A184 /* CalenderController.m */; };
		526887CB242C6CDE0063A184 /* AGHomeCalendarView.m in Sources */ = {isa = PBXBuildFile; fileRef = 526887CA242C6CDE0063A184 /* AGHomeCalendarView.m */; };
		526887CE242C6F770063A184 /* AGDateHelpObject.m in Sources */ = {isa = PBXBuildFile; fileRef = 526887CD242C6F770063A184 /* AGDateHelpObject.m */; };
		526887D1242C743E0063A184 /* AGWeekView.m in Sources */ = {isa = PBXBuildFile; fileRef = 526887D0242C743E0063A184 /* AGWeekView.m */; };
		52C4759B2429A2A400E8F52F /* AppDelegate.m in Sources */ = {isa = PBXBuildFile; fileRef = 52C4759A2429A2A400E8F52F /* AppDelegate.m */; };
		52C4759E2429A2A400E8F52F /* SceneDelegate.m in Sources */ = {isa = PBXBuildFile; fileRef = 52C4759D2429A2A400E8F52F /* SceneDelegate.m */; };
		52C475A12429A2A400E8F52F /* ViewController.m in Sources */ = {isa = PBXBuildFile; fileRef = 52C475A02429A2A400E8F52F /* ViewController.m */; };
		52C475A42429A2A400E8F52F /* Main.storyboard in Resources */ = {isa = PBXBuildFile; fileRef = 52C475A22429A2A400E8F52F /* Main.storyboard */; };
		52C475A62429A2A600E8F52F /* Assets.xcassets in Resources */ = {isa = PBXBuildFile; fileRef = 52C475A52429A2A600E8F52F /* Assets.xcassets */; };
		52C475A92429A2A600E8F52F /* LaunchScreen.storyboard in Resources */ = {isa = PBXBuildFile; fileRef = 52C475A72429A2A600E8F52F /* LaunchScreen.storyboard */; };
		52C475AC2429A2A600E8F52F /* main.m in Sources */ = {isa = PBXBuildFile; fileRef = 52C475AB2429A2A600E8F52F /* main.m */; };
		52C475C12429D88100E8F52F /* CircleLayout.m in Sources */ = {isa = PBXBuildFile; fileRef = 52C475C02429D88100E8F52F /* CircleLayout.m */; };
		52C475C42429E14800E8F52F /* UIView+PBFrameExtension.m in Sources */ = {isa = PBXBuildFile; fileRef = 52C475C22429E14800E8F52F /* UIView+PBFrameExtension.m */; };
		52C475CA2429EC0900E8F52F /* ItemCell.m in Sources */ = {isa = PBXBuildFile; fileRef = 52C475C92429EC0900E8F52F /* ItemCell.m */; };
		52C475E2242AE87E00E8F52F /* CircleNewLayout.m in Sources */ = {isa = PBXBuildFile; fileRef = 52C475E1242AE87E00E8F52F /* CircleNewLayout.m */; };
		B05F2BF07D186BF9B7C14051 /* libPods-RunTime.a in Frameworks */ = {isa = PBXBuildFile; fileRef = 5ECFD8939D7C84B61504CF0A /* libPods-RunTime.a */; };
/* End PBXBuildFile section */

/* Begin PBXFileReference section */
		1A20639824AC7B8A00F6F444 /* LongImgController.h */ = {isa = PBXFileReference; lastKnownFileType = sourcecode.c.h; path = LongImgController.h; sourceTree = "<group>"; };
		1A20639924AC7B8A00F6F444 /* LongImgController.m */ = {isa = PBXFileReference; lastKnownFileType = sourcecode.c.objc; path = LongImgController.m; sourceTree = "<group>"; };
		1A50DD3D24AC93320021350F /* SDWebImage.h */ = {isa = PBXFileReference; fileEncoding = 4; lastKnownFileType = sourcecode.c.h; path = SDWebImage.h; sourceTree = "<group>"; };
		1A50DD3E24AC93320021350F /* LICENSE */ = {isa = PBXFileReference; fileEncoding = 4; lastKnownFileType = text; path = LICENSE; sourceTree = "<group>"; };
		1A50DD3F24AC93320021350F /* README.md */ = {isa = PBXFileReference; fileEncoding = 4; lastKnownFileType = net.daringfireball.markdown; path = README.md; sourceTree = "<group>"; };
		1A50DD4224AC93320021350F /* UIImage+ExtendedCacheData.h */ = {isa = PBXFileReference; fileEncoding = 4; lastKnownFileType = sourcecode.c.h; path = "UIImage+ExtendedCacheData.h"; sourceTree = "<group>"; };
		1A50DD4324AC93320021350F /* SDImageHEICCoder.m */ = {isa = PBXFileReference; fileEncoding = 4; lastKnownFileType = sourcecode.c.objc; path = SDImageHEICCoder.m; sourceTree = "<group>"; };
		1A50DD4424AC93320021350F /* SDAnimatedImageRep.h */ = {isa = PBXFileReference; fileEncoding = 4; lastKnownFileType = sourcecode.c.h; path = SDAnimatedImageRep.h; sourceTree = "<group>"; };
		1A50DD4524AC93320021350F /* NSImage+Compatibility.m */ = {isa = PBXFileReference; fileEncoding = 4; lastKnownFileType = sourcecode.c.objc; path = "NSImage+Compatibility.m"; sourceTree = "<group>"; };
		1A50DD4624AC93320021350F /* SDDiskCache.h */ = {isa = PBXFileReference; fileEncoding = 4; lastKnownFileType = sourcecode.c.h; path = SDDiskCache.h; sourceTree = "<group>"; };
		1A50DD4724AC93320021350F /* SDAnimatedImageView+WebCache.m */ = {isa = PBXFileReference; fileEncoding = 4; lastKnownFileType = sourcecode.c.objc; path = "SDAnimatedImageView+WebCache.m"; sourceTree = "<group>"; };
		1A50DD4824AC93320021350F /* SDImageIOCoder.h */ = {isa = PBXFileReference; fileEncoding = 4; lastKnownFileType = sourcecode.c.h; path = SDImageIOCoder.h; sourceTree = "<group>"; };
		1A50DD4924AC93320021350F /* SDImageCoder.m */ = {isa = PBXFileReference; fileEncoding = 4; lastKnownFileType = sourcecode.c.objc; path = SDImageCoder.m; sourceTree = "<group>"; };
		1A50DD4A24AC93320021350F /* NSButton+WebCache.h */ = {isa = PBXFileReference; fileEncoding = 4; lastKnownFileType = sourcecode.c.h; path = "NSButton+WebCache.h"; sourceTree = "<group>"; };
		1A50DD4B24AC93320021350F /* SDImageGraphics.h */ = {isa = PBXFileReference; fileEncoding = 4; lastKnownFileType = sourcecode.c.h; path = SDImageGraphics.h; sourceTree = "<group>"; };
		1A50DD4C24AC93320021350F /* UIImageView+WebCache.h */ = {isa = PBXFileReference; fileEncoding = 4; lastKnownFileType = sourcecode.c.h; path = "UIImageView+WebCache.h"; sourceTree = "<group>"; };
		1A50DD4D24AC93320021350F /* NSData+ImageContentType.h */ = {isa = PBXFileReference; fileEncoding = 4; lastKnownFileType = sourcecode.c.h; path = "NSData+ImageContentType.h"; sourceTree = "<group>"; };
		1A50DD4E24AC93320021350F /* SDWebImageDownloaderDecryptor.m */ = {isa = PBXFileReference; fileEncoding = 4; lastKnownFileType = sourcecode.c.objc; path = SDWebImageDownloaderDecryptor.m; sourceTree = "<group>"; };
		1A50DD4F24AC93320021350F /* SDImageTransformer.h */ = {isa = PBXFileReference; fileEncoding = 4; lastKnownFileType = sourcecode.c.h; path = SDImageTransformer.h; sourceTree = "<group>"; };
		1A50DD5024AC93320021350F /* SDImageCachesManager.h */ = {isa = PBXFileReference; fileEncoding = 4; lastKnownFileType = sourcecode.c.h; path = SDImageCachesManager.h; sourceTree = "<group>"; };
		1A50DD5124AC93320021350F /* SDWebImageTransition.h */ = {isa = PBXFileReference; fileEncoding = 4; lastKnownFileType = sourcecode.c.h; path = SDWebImageTransition.h; sourceTree = "<group>"; };
		1A50DD5224AC93320021350F /* SDWebImageManager.m */ = {isa = PBXFileReference; fileEncoding = 4; lastKnownFileType = sourcecode.c.objc; path = SDWebImageManager.m; sourceTree = "<group>"; };
		1A50DD5324AC93320021350F /* SDImageLoadersManager.h */ = {isa = PBXFileReference; fileEncoding = 4; lastKnownFileType = sourcecode.c.h; path = SDImageLoadersManager.h; sourceTree = "<group>"; };
		1A50DD5424AC93320021350F /* SDImageIOAnimatedCoder.m */ = {isa = PBXFileReference; fileEncoding = 4; lastKnownFileType = sourcecode.c.objc; path = SDImageIOAnimatedCoder.m; sourceTree = "<group>"; };
		1A50DD5524AC93320021350F /* SDWebImageDownloaderOperation.h */ = {isa = PBXFileReference; fileEncoding = 4; lastKnownFileType = sourcecode.c.h; path = SDWebImageDownloaderOperation.h; sourceTree = "<group>"; };
		1A50DD5624AC93320021350F /* UIImageView+HighlightedWebCache.m */ = {isa = PBXFileReference; fileEncoding = 4; lastKnownFileType = sourcecode.c.objc; path = "UIImageView+HighlightedWebCache.m"; sourceTree = "<group>"; };
		1A50DD5724AC93320021350F /* SDImageFrame.h */ = {isa = PBXFileReference; fileEncoding = 4; lastKnownFileType = sourcecode.c.h; path = SDImageFrame.h; sourceTree = "<group>"; };
		1A50DD5824AC93320021350F /* SDImageGIFCoder.h */ = {isa = PBXFileReference; fileEncoding = 4; lastKnownFileType = sourcecode.c.h; path = SDImageGIFCoder.h; sourceTree = "<group>"; };
		1A50DD5924AC93320021350F /* SDImageCache.h */ = {isa = PBXFileReference; fileEncoding = 4; lastKnownFileType = sourcecode.c.h; path = SDImageCache.h; sourceTree = "<group>"; };
		1A50DD5A24AC93320021350F /* SDWebImageDownloaderConfig.h */ = {isa = PBXFileReference; fileEncoding = 4; lastKnownFileType = sourcecode.c.h; path = SDWebImageDownloaderConfig.h; sourceTree = "<group>"; };
		1A50DD5B24AC93320021350F /* SDAnimatedImage.m */ = {isa = PBXFileReference; fileEncoding = 4; lastKnownFileType = sourcecode.c.objc; path = SDAnimatedImage.m; sourceTree = "<group>"; };
		1A50DD5C24AC93320021350F /* SDAnimatedImageView.m */ = {isa = PBXFileReference; fileEncoding = 4; lastKnownFileType = sourcecode.c.objc; path = SDAnimatedImageView.m; sourceTree = "<group>"; };
		1A50DD5D24AC93320021350F /* UIImage+ForceDecode.m */ = {isa = PBXFileReference; fileEncoding = 4; lastKnownFileType = sourcecode.c.objc; path = "UIImage+ForceDecode.m"; sourceTree = "<group>"; };
		1A50DD5E24AC93320021350F /* SDImageCacheConfig.h */ = {isa = PBXFileReference; fileEncoding = 4; lastKnownFileType = sourcecode.c.h; path = SDImageCacheConfig.h; sourceTree = "<group>"; };
		1A50DD5F24AC93320021350F /* SDWebImageCacheKeyFilter.h */ = {isa = PBXFileReference; fileEncoding = 4; lastKnownFileType = sourcecode.c.h; path = SDWebImageCacheKeyFilter.h; sourceTree = "<group>"; };
		1A50DD6024AC93320021350F /* SDAnimatedImagePlayer.m */ = {isa = PBXFileReference; fileEncoding = 4; lastKnownFileType = sourcecode.c.objc; path = SDAnimatedImagePlayer.m; sourceTree = "<group>"; };
		1A50DD6124AC93320021350F /* UIImage+Transform.m */ = {isa = PBXFileReference; fileEncoding = 4; lastKnownFileType = sourcecode.c.objc; path = "UIImage+Transform.m"; sourceTree = "<group>"; };
		1A50DD6224AC93320021350F /* UIImage+MemoryCacheCost.h */ = {isa = PBXFileReference; fileEncoding = 4; lastKnownFileType = sourcecode.c.h; path = "UIImage+MemoryCacheCost.h"; sourceTree = "<group>"; };
		1A50DD6324AC93320021350F /* SDWebImageDownloader.m */ = {isa = PBXFileReference; fileEncoding = 4; lastKnownFileType = sourcecode.c.objc; path = SDWebImageDownloader.m; sourceTree = "<group>"; };
		1A50DD6424AC93320021350F /* SDImageCacheDefine.h */ = {isa = PBXFileReference; fileEncoding = 4; lastKnownFileType = sourcecode.c.h; path = SDImageCacheDefine.h; sourceTree = "<group>"; };
		1A50DD6524AC93320021350F /* SDImageLoader.m */ = {isa = PBXFileReference; fileEncoding = 4; lastKnownFileType = sourcecode.c.objc; path = SDImageLoader.m; sourceTree = "<group>"; };
		1A50DD6624AC93320021350F /* SDWebImageCacheSerializer.m */ = {isa = PBXFileReference; fileEncoding = 4; lastKnownFileType = sourcecode.c.objc; path = SDWebImageCacheSerializer.m; sourceTree = "<group>"; };
		1A50DD6724AC93320021350F /* SDWebImageIndicator.m */ = {isa = PBXFileReference; fileEncoding = 4; lastKnownFileType = sourcecode.c.objc; path = SDWebImageIndicator.m; sourceTree = "<group>"; };
		1A50DD6824AC93320021350F /* SDGraphicsImageRenderer.m */ = {isa = PBXFileReference; fileEncoding = 4; lastKnownFileType = sourcecode.c.objc; path = SDGraphicsImageRenderer.m; sourceTree = "<group>"; };
		1A50DD6924AC93320021350F /* UIImage+GIF.m */ = {isa = PBXFileReference; fileEncoding = 4; lastKnownFileType = sourcecode.c.objc; path = "UIImage+GIF.m"; sourceTree = "<group>"; };
		1A50DD6A24AC93320021350F /* SDImageCodersManager.m */ = {isa = PBXFileReference; fileEncoding = 4; lastKnownFileType = sourcecode.c.objc; path = SDImageCodersManager.m; sourceTree = "<group>"; };
		1A50DD6B24AC93320021350F /* UIButton+WebCache.h */ = {isa = PBXFileReference; fileEncoding = 4; lastKnownFileType = sourcecode.c.h; path = "UIButton+WebCache.h"; sourceTree = "<group>"; };
		1A50DD6C24AC93320021350F /* SDWebImageDownloaderRequestModifier.h */ = {isa = PBXFileReference; fileEncoding = 4; lastKnownFileType = sourcecode.c.h; path = SDWebImageDownloaderRequestModifier.h; sourceTree = "<group>"; };
		1A50DD6D24AC93320021350F /* UIImage+MultiFormat.m */ = {isa = PBXFileReference; fileEncoding = 4; lastKnownFileType = sourcecode.c.objc; path = "UIImage+MultiFormat.m"; sourceTree = "<group>"; };
		1A50DD6E24AC93320021350F /* SDMemoryCache.m */ = {isa = PBXFileReference; fileEncoding = 4; lastKnownFileType = sourcecode.c.objc; path = SDMemoryCache.m; sourceTree = "<group>"; };
		1A50DD6F24AC93320021350F /* UIImage+Metadata.h */ = {isa = PBXFileReference; fileEncoding = 4; lastKnownFileType = sourcecode.c.h; path = "UIImage+Metadata.h"; sourceTree = "<group>"; };
		1A50DD7024AC93320021350F /* SDWebImageCompat.m */ = {isa = PBXFileReference; fileEncoding = 4; lastKnownFileType = sourcecode.c.objc; path = SDWebImageCompat.m; sourceTree = "<group>"; };
		1A50DD7124AC93320021350F /* SDImageAPNGCoder.m */ = {isa = PBXFileReference; fileEncoding = 4; lastKnownFileType = sourcecode.c.objc; path = SDImageAPNGCoder.m; sourceTree = "<group>"; };
		1A50DD7224AC93320021350F /* SDWebImageDownloaderResponseModifier.m */ = {isa = PBXFileReference; fileEncoding = 4; lastKnownFileType = sourcecode.c.objc; path = SDWebImageDownloaderResponseModifier.m; sourceTree = "<group>"; };
		1A50DD7324AC93320021350F /* SDWebImageError.m */ = {isa = PBXFileReference; fileEncoding = 4; lastKnownFileType = sourcecode.c.objc; path = SDWebImageError.m; sourceTree = "<group>"; };
		1A50DD7424AC93320021350F /* SDWebImagePrefetcher.m */ = {isa = PBXFileReference; fileEncoding = 4; lastKnownFileType = sourcecode.c.objc; path = SDWebImagePrefetcher.m; sourceTree = "<group>"; };
		1A50DD7524AC93320021350F /* SDImageCoderHelper.m */ = {isa = PBXFileReference; fileEncoding = 4; lastKnownFileType = sourcecode.c.objc; path = SDImageCoderHelper.m; sourceTree = "<group>"; };
		1A50DD7624AC93320021350F /* SDWebImageOptionsProcessor.h */ = {isa = PBXFileReference; fileEncoding = 4; lastKnownFileType = sourcecode.c.h; path = SDWebImageOptionsProcessor.h; sourceTree = "<group>"; };
		1A50DD7724AC93320021350F /* UIView+WebCache.h */ = {isa = PBXFileReference; fileEncoding = 4; lastKnownFileType = sourcecode.c.h; path = "UIView+WebCache.h"; sourceTree = "<group>"; };
		1A50DD7824AC93320021350F /* UIView+WebCacheOperation.h */ = {isa = PBXFileReference; fileEncoding = 4; lastKnownFileType = sourcecode.c.h; path = "UIView+WebCacheOperation.h"; sourceTree = "<group>"; };
		1A50DD7924AC93320021350F /* SDWebImageDefine.h */ = {isa = PBXFileReference; fileEncoding = 4; lastKnownFileType = sourcecode.c.h; path = SDWebImageDefine.h; sourceTree = "<group>"; };
		1A50DD7A24AC93320021350F /* NSButton+WebCache.m */ = {isa = PBXFileReference; fileEncoding = 4; lastKnownFileType = sourcecode.c.objc; path = "NSButton+WebCache.m"; sourceTree = "<group>"; };
		1A50DD7B24AC93320021350F /* SDImageCoder.h */ = {isa = PBXFileReference; fileEncoding = 4; lastKnownFileType = sourcecode.c.h; path = SDImageCoder.h; sourceTree = "<group>"; };
		1A50DD7C24AC93320021350F /* SDImageIOCoder.m */ = {isa = PBXFileReference; fileEncoding = 4; lastKnownFileType = sourcecode.c.objc; path = SDImageIOCoder.m; sourceTree = "<group>"; };
		1A50DD7D24AC93320021350F /* SDAnimatedImageView+WebCache.h */ = {isa = PBXFileReference; fileEncoding = 4; lastKnownFileType = sourcecode.c.h; path = "SDAnimatedImageView+WebCache.h"; sourceTree = "<group>"; };
		1A50DD7E24AC93320021350F /* SDDiskCache.m */ = {isa = PBXFileReference; fileEncoding = 4; lastKnownFileType = sourcecode.c.objc; path = SDDiskCache.m; sourceTree = "<group>"; };
		1A50DD7F24AC93320021350F /* NSImage+Compatibility.h */ = {isa = PBXFileReference; fileEncoding = 4; lastKnownFileType = sourcecode.c.h; path = "NSImage+Compatibility.h"; sourceTree = "<group>"; };
		1A50DD8024AC93320021350F /* SDAnimatedImageRep.m */ = {isa = PBXFileReference; fileEncoding = 4; lastKnownFileType = sourcecode.c.objc; path = SDAnimatedImageRep.m; sourceTree = "<group>"; };
		1A50DD8124AC93320021350F /* SDImageHEICCoder.h */ = {isa = PBXFileReference; fileEncoding = 4; lastKnownFileType = sourcecode.c.h; path = SDImageHEICCoder.h; sourceTree = "<group>"; };
		1A50DD8224AC93320021350F /* UIImage+ExtendedCacheData.m */ = {isa = PBXFileReference; fileEncoding = 4; lastKnownFileType = sourcecode.c.objc; path = "UIImage+ExtendedCacheData.m"; sourceTree = "<group>"; };
		1A50DD8324AC93320021350F /* SDAnimatedImageView.h */ = {isa = PBXFileReference; fileEncoding = 4; lastKnownFileType = sourcecode.c.h; path = SDAnimatedImageView.h; sourceTree = "<group>"; };
		1A50DD8424AC93320021350F /* SDWebImageDownloaderConfig.m */ = {isa = PBXFileReference; fileEncoding = 4; lastKnownFileType = sourcecode.c.objc; path = SDWebImageDownloaderConfig.m; sourceTree = "<group>"; };
		1A50DD8524AC93320021350F /* SDAnimatedImage.h */ = {isa = PBXFileReference; fileEncoding = 4; lastKnownFileType = sourcecode.c.h; path = SDAnimatedImage.h; sourceTree = "<group>"; };
		1A50DD8624AC93320021350F /* SDImageCache.m */ = {isa = PBXFileReference; fileEncoding = 4; lastKnownFileType = sourcecode.c.objc; path = SDImageCache.m; sourceTree = "<group>"; };
		1A50DD8724AC93320021350F /* SDImageGIFCoder.m */ = {isa = PBXFileReference; fileEncoding = 4; lastKnownFileType = sourcecode.c.objc; path = SDImageGIFCoder.m; sourceTree = "<group>"; };
		1A50DD8824AC93320021350F /* UIImageView+HighlightedWebCache.h */ = {isa = PBXFileReference; fileEncoding = 4; lastKnownFileType = sourcecode.c.h; path = "UIImageView+HighlightedWebCache.h"; sourceTree = "<group>"; };
		1A50DD8924AC93320021350F /* SDImageFrame.m */ = {isa = PBXFileReference; fileEncoding = 4; lastKnownFileType = sourcecode.c.objc; path = SDImageFrame.m; sourceTree = "<group>"; };
		1A50DD8A24AC93320021350F /* SDWebImageDownloaderOperation.m */ = {isa = PBXFileReference; fileEncoding = 4; lastKnownFileType = sourcecode.c.objc; path = SDWebImageDownloaderOperation.m; sourceTree = "<group>"; };
		1A50DD8B24AC93320021350F /* SDImageIOAnimatedCoder.h */ = {isa = PBXFileReference; fileEncoding = 4; lastKnownFileType = sourcecode.c.h; path = SDImageIOAnimatedCoder.h; sourceTree = "<group>"; };
		1A50DD8C24AC93320021350F /* SDImageLoadersManager.m */ = {isa = PBXFileReference; fileEncoding = 4; lastKnownFileType = sourcecode.c.objc; path = SDImageLoadersManager.m; sourceTree = "<group>"; };
		1A50DD8D24AC93320021350F /* SDImageCachesManager.m */ = {isa = PBXFileReference; fileEncoding = 4; lastKnownFileType = sourcecode.c.objc; path = SDImageCachesManager.m; sourceTree = "<group>"; };
		1A50DD8E24AC93320021350F /* SDWebImageTransition.m */ = {isa = PBXFileReference; fileEncoding = 4; lastKnownFileType = sourcecode.c.objc; path = SDWebImageTransition.m; sourceTree = "<group>"; };
		1A50DD8F24AC93320021350F /* SDWebImageManager.h */ = {isa = PBXFileReference; fileEncoding = 4; lastKnownFileType = sourcecode.c.h; path = SDWebImageManager.h; sourceTree = "<group>"; };
		1A50DD9024AC93320021350F /* SDImageTransformer.m */ = {isa = PBXFileReference; fileEncoding = 4; lastKnownFileType = sourcecode.c.objc; path = SDImageTransformer.m; sourceTree = "<group>"; };
		1A50DD9124AC93320021350F /* NSData+ImageContentType.m */ = {isa = PBXFileReference; fileEncoding = 4; lastKnownFileType = sourcecode.c.objc; path = "NSData+ImageContentType.m"; sourceTree = "<group>"; };
		1A50DD9224AC93320021350F /* UIImageView+WebCache.m */ = {isa = PBXFileReference; fileEncoding = 4; lastKnownFileType = sourcecode.c.objc; path = "UIImageView+WebCache.m"; sourceTree = "<group>"; };
		1A50DD9324AC93320021350F /* SDWebImageDownloaderDecryptor.h */ = {isa = PBXFileReference; fileEncoding = 4; lastKnownFileType = sourcecode.c.h; path = SDWebImageDownloaderDecryptor.h; sourceTree = "<group>"; };
		1A50DD9424AC93320021350F /* SDWebImageOperation.h */ = {isa = PBXFileReference; fileEncoding = 4; lastKnownFileType = sourcecode.c.h; path = SDWebImageOperation.h; sourceTree = "<group>"; };
		1A50DD9524AC93320021350F /* SDImageGraphics.m */ = {isa = PBXFileReference; fileEncoding = 4; lastKnownFileType = sourcecode.c.objc; path = SDImageGraphics.m; sourceTree = "<group>"; };
		1A50DD9624AC93320021350F /* SDGraphicsImageRenderer.h */ = {isa = PBXFileReference; fileEncoding = 4; lastKnownFileType = sourcecode.c.h; path = SDGraphicsImageRenderer.h; sourceTree = "<group>"; };
		1A50DD9724AC93320021350F /* SDWebImageIndicator.h */ = {isa = PBXFileReference; fileEncoding = 4; lastKnownFileType = sourcecode.c.h; path = SDWebImageIndicator.h; sourceTree = "<group>"; };
		1A50DD9824AC93320021350F /* SDWebImageCacheSerializer.h */ = {isa = PBXFileReference; fileEncoding = 4; lastKnownFileType = sourcecode.c.h; path = SDWebImageCacheSerializer.h; sourceTree = "<group>"; };
		1A50DD9924AC93320021350F /* SDImageLoader.h */ = {isa = PBXFileReference; fileEncoding = 4; lastKnownFileType = sourcecode.c.h; path = SDImageLoader.h; sourceTree = "<group>"; };
		1A50DD9A24AC93320021350F /* SDImageCacheDefine.m */ = {isa = PBXFileReference; fileEncoding = 4; lastKnownFileType = sourcecode.c.objc; path = SDImageCacheDefine.m; sourceTree = "<group>"; };
		1A50DD9B24AC93320021350F /* SDWebImageDownloader.h */ = {isa = PBXFileReference; fileEncoding = 4; lastKnownFileType = sourcecode.c.h; path = SDWebImageDownloader.h; sourceTree = "<group>"; };
		1A50DD9C24AC93320021350F /* UIImage+MemoryCacheCost.m */ = {isa = PBXFileReference; fileEncoding = 4; lastKnownFileType = sourcecode.c.objc; path = "UIImage+MemoryCacheCost.m"; sourceTree = "<group>"; };
		1A50DD9D24AC93320021350F /* UIImage+Transform.h */ = {isa = PBXFileReference; fileEncoding = 4; lastKnownFileType = sourcecode.c.h; path = "UIImage+Transform.h"; sourceTree = "<group>"; };
		1A50DD9E24AC93320021350F /* SDAnimatedImagePlayer.h */ = {isa = PBXFileReference; fileEncoding = 4; lastKnownFileType = sourcecode.c.h; path = SDAnimatedImagePlayer.h; sourceTree = "<group>"; };
		1A50DD9F24AC93320021350F /* SDImageCacheConfig.m */ = {isa = PBXFileReference; fileEncoding = 4; lastKnownFileType = sourcecode.c.objc; path = SDImageCacheConfig.m; sourceTree = "<group>"; };
		1A50DDA024AC93320021350F /* SDWebImageCacheKeyFilter.m */ = {isa = PBXFileReference; fileEncoding = 4; lastKnownFileType = sourcecode.c.objc; path = SDWebImageCacheKeyFilter.m; sourceTree = "<group>"; };
		1A50DDA124AC93320021350F /* UIImage+ForceDecode.h */ = {isa = PBXFileReference; fileEncoding = 4; lastKnownFileType = sourcecode.c.h; path = "UIImage+ForceDecode.h"; sourceTree = "<group>"; };
		1A50DDA224AC93320021350F /* SDWebImageDefine.m */ = {isa = PBXFileReference; fileEncoding = 4; lastKnownFileType = sourcecode.c.objc; path = SDWebImageDefine.m; sourceTree = "<group>"; };
		1A50DDA324AC93320021350F /* SDImageCoderHelper.h */ = {isa = PBXFileReference; fileEncoding = 4; lastKnownFileType = sourcecode.c.h; path = SDImageCoderHelper.h; sourceTree = "<group>"; };
		1A50DDA424AC93320021350F /* SDWebImageOptionsProcessor.m */ = {isa = PBXFileReference; fileEncoding = 4; lastKnownFileType = sourcecode.c.objc; path = SDWebImageOptionsProcessor.m; sourceTree = "<group>"; };
		1A50DDA524AC93320021350F /* UIView+WebCacheOperation.m */ = {isa = PBXFileReference; fileEncoding = 4; lastKnownFileType = sourcecode.c.objc; path = "UIView+WebCacheOperation.m"; sourceTree = "<group>"; };
		1A50DDA624AC93320021350F /* UIView+WebCache.m */ = {isa = PBXFileReference; fileEncoding = 4; lastKnownFileType = sourcecode.c.objc; path = "UIView+WebCache.m"; sourceTree = "<group>"; };
		1A50DDA724AC93320021350F /* SDWebImagePrefetcher.h */ = {isa = PBXFileReference; fileEncoding = 4; lastKnownFileType = sourcecode.c.h; path = SDWebImagePrefetcher.h; sourceTree = "<group>"; };
		1A50DDA824AC93320021350F /* SDWebImageDownloaderResponseModifier.h */ = {isa = PBXFileReference; fileEncoding = 4; lastKnownFileType = sourcecode.c.h; path = SDWebImageDownloaderResponseModifier.h; sourceTree = "<group>"; };
		1A50DDA924AC93320021350F /* SDImageAPNGCoder.h */ = {isa = PBXFileReference; fileEncoding = 4; lastKnownFileType = sourcecode.c.h; path = SDImageAPNGCoder.h; sourceTree = "<group>"; };
		1A50DDAA24AC93320021350F /* SDWebImageError.h */ = {isa = PBXFileReference; fileEncoding = 4; lastKnownFileType = sourcecode.c.h; path = SDWebImageError.h; sourceTree = "<group>"; };
		1A50DDAB24AC93320021350F /* SDWebImageCompat.h */ = {isa = PBXFileReference; fileEncoding = 4; lastKnownFileType = sourcecode.c.h; path = SDWebImageCompat.h; sourceTree = "<group>"; };
		1A50DDAC24AC93320021350F /* SDMemoryCache.h */ = {isa = PBXFileReference; fileEncoding = 4; lastKnownFileType = sourcecode.c.h; path = SDMemoryCache.h; sourceTree = "<group>"; };
		1A50DDAD24AC93320021350F /* UIImage+Metadata.m */ = {isa = PBXFileReference; fileEncoding = 4; lastKnownFileType = sourcecode.c.objc; path = "UIImage+Metadata.m"; sourceTree = "<group>"; };
		1A50DDAE24AC93320021350F /* UIImage+MultiFormat.h */ = {isa = PBXFileReference; fileEncoding = 4; lastKnownFileType = sourcecode.c.h; path = "UIImage+MultiFormat.h"; sourceTree = "<group>"; };
		1A50DDAF24AC93320021350F /* UIButton+WebCache.m */ = {isa = PBXFileReference; fileEncoding = 4; lastKnownFileType = sourcecode.c.objc; path = "UIButton+WebCache.m"; sourceTree = "<group>"; };
		1A50DDB024AC93320021350F /* SDWebImageDownloaderRequestModifier.m */ = {isa = PBXFileReference; fileEncoding = 4; lastKnownFileType = sourcecode.c.objc; path = SDWebImageDownloaderRequestModifier.m; sourceTree = "<group>"; };
		1A50DDB124AC93320021350F /* SDImageCodersManager.h */ = {isa = PBXFileReference; fileEncoding = 4; lastKnownFileType = sourcecode.c.h; path = SDImageCodersManager.h; sourceTree = "<group>"; };
		1A50DDB224AC93320021350F /* UIImage+GIF.h */ = {isa = PBXFileReference; fileEncoding = 4; lastKnownFileType = sourcecode.c.h; path = "UIImage+GIF.h"; sourceTree = "<group>"; };
		1A50DDB424AC93320021350F /* SDDeviceHelper.h */ = {isa = PBXFileReference; fileEncoding = 4; lastKnownFileType = sourcecode.c.h; path = SDDeviceHelper.h; sourceTree = "<group>"; };
		1A50DDB524AC93320021350F /* SDWeakProxy.h */ = {isa = PBXFileReference; fileEncoding = 4; lastKnownFileType = sourcecode.c.h; path = SDWeakProxy.h; sourceTree = "<group>"; };
		1A50DDB624AC93320021350F /* SDImageCachesManagerOperation.m */ = {isa = PBXFileReference; fileEncoding = 4; lastKnownFileType = sourcecode.c.objc; path = SDImageCachesManagerOperation.m; sourceTree = "<group>"; };
		1A50DDB724AC93320021350F /* SDFileAttributeHelper.h */ = {isa = PBXFileReference; fileEncoding = 4; lastKnownFileType = sourcecode.c.h; path = SDFileAttributeHelper.h; sourceTree = "<group>"; };
		1A50DDB824AC93320021350F /* SDInternalMacros.h */ = {isa = PBXFileReference; fileEncoding = 4; lastKnownFileType = sourcecode.c.h; path = SDInternalMacros.h; sourceTree = "<group>"; };
		1A50DDB924AC93320021350F /* NSBezierPath+RoundedCorners.h */ = {isa = PBXFileReference; fileEncoding = 4; lastKnownFileType = sourcecode.c.h; path = "NSBezierPath+RoundedCorners.h"; sourceTree = "<group>"; };
		1A50DDBA24AC93320021350F /* SDImageAssetManager.m */ = {isa = PBXFileReference; fileEncoding = 4; lastKnownFileType = sourcecode.c.objc; path = SDImageAssetManager.m; sourceTree = "<group>"; };
		1A50DDBB24AC93320021350F /* SDAsyncBlockOperation.h */ = {isa = PBXFileReference; fileEncoding = 4; lastKnownFileType = sourcecode.c.h; path = SDAsyncBlockOperation.h; sourceTree = "<group>"; };
		1A50DDBC24AC93320021350F /* SDDisplayLink.h */ = {isa = PBXFileReference; fileEncoding = 4; lastKnownFileType = sourcecode.c.h; path = SDDisplayLink.h; sourceTree = "<group>"; };
		1A50DDBD24AC93320021350F /* UIColor+HexString.h */ = {isa = PBXFileReference; fileEncoding = 4; lastKnownFileType = sourcecode.c.h; path = "UIColor+HexString.h"; sourceTree = "<group>"; };
		1A50DDBE24AC93320021350F /* SDAssociatedObject.h */ = {isa = PBXFileReference; fileEncoding = 4; lastKnownFileType = sourcecode.c.h; path = SDAssociatedObject.h; sourceTree = "<group>"; };
		1A50DDBF24AC93320021350F /* SDmetamacros.h */ = {isa = PBXFileReference; fileEncoding = 4; lastKnownFileType = sourcecode.c.h; path = SDmetamacros.h; sourceTree = "<group>"; };
		1A50DDC024AC93320021350F /* SDImageHEICCoderInternal.h */ = {isa = PBXFileReference; fileEncoding = 4; lastKnownFileType = sourcecode.c.h; path = SDImageHEICCoderInternal.h; sourceTree = "<group>"; };
		1A50DDC124AC93320021350F /* SDImageIOAnimatedCoderInternal.h */ = {isa = PBXFileReference; fileEncoding = 4; lastKnownFileType = sourcecode.c.h; path = SDImageIOAnimatedCoderInternal.h; sourceTree = "<group>"; };
		1A50DDC224AC93320021350F /* SDDeviceHelper.m */ = {isa = PBXFileReference; fileEncoding = 4; lastKnownFileType = sourcecode.c.objc; path = SDDeviceHelper.m; sourceTree = "<group>"; };
		1A50DDC324AC93320021350F /* SDWeakProxy.m */ = {isa = PBXFileReference; fileEncoding = 4; lastKnownFileType = sourcecode.c.objc; path = SDWeakProxy.m; sourceTree = "<group>"; };
		1A50DDC424AC93320021350F /* SDInternalMacros.m */ = {isa = PBXFileReference; fileEncoding = 4; lastKnownFileType = sourcecode.c.objc; path = SDInternalMacros.m; sourceTree = "<group>"; };
		1A50DDC524AC93320021350F /* SDFileAttributeHelper.m */ = {isa = PBXFileReference; fileEncoding = 4; lastKnownFileType = sourcecode.c.objc; path = SDFileAttributeHelper.m; sourceTree = "<group>"; };
		1A50DDC624AC93320021350F /* SDImageCachesManagerOperation.h */ = {isa = PBXFileReference; fileEncoding = 4; lastKnownFileType = sourcecode.c.h; path = SDImageCachesManagerOperation.h; sourceTree = "<group>"; };
		1A50DDC724AC93320021350F /* SDDisplayLink.m */ = {isa = PBXFileReference; fileEncoding = 4; lastKnownFileType = sourcecode.c.objc; path = SDDisplayLink.m; sourceTree = "<group>"; };
		1A50DDC824AC93320021350F /* SDImageAssetManager.h */ = {isa = PBXFileReference; fileEncoding = 4; lastKnownFileType = sourcecode.c.h; path = SDImageAssetManager.h; sourceTree = "<group>"; };
		1A50DDC924AC93320021350F /* SDAsyncBlockOperation.m */ = {isa = PBXFileReference; fileEncoding = 4; lastKnownFileType = sourcecode.c.objc; path = SDAsyncBlockOperation.m; sourceTree = "<group>"; };
		1A50DDCA24AC93320021350F /* NSBezierPath+RoundedCorners.m */ = {isa = PBXFileReference; fileEncoding = 4; lastKnownFileType = sourcecode.c.objc; path = "NSBezierPath+RoundedCorners.m"; sourceTree = "<group>"; };
		1A50DDCB24AC93320021350F /* UIColor+HexString.m */ = {isa = PBXFileReference; fileEncoding = 4; lastKnownFileType = sourcecode.c.objc; path = "UIColor+HexString.m"; sourceTree = "<group>"; };
		1A50DDCC24AC93320021350F /* SDAssociatedObject.m */ = {isa = PBXFileReference; fileEncoding = 4; lastKnownFileType = sourcecode.c.objc; path = SDAssociatedObject.m; sourceTree = "<group>"; };
		1A7FFEAE24A89537000AF1CA /* AGWechatShare.h */ = {isa = PBXFileReference; lastKnownFileType = sourcecode.c.h; path = AGWechatShare.h; sourceTree = "<group>"; };
		1A7FFEAF24A89537000AF1CA /* AGWechatShare.m */ = {isa = PBXFileReference; lastKnownFileType = sourcecode.c.objc; path = AGWechatShare.m; sourceTree = "<group>"; };
		1AAE3E2924AC345700608542 /* WkPdfController.h */ = {isa = PBXFileReference; lastKnownFileType = sourcecode.c.h; path = WkPdfController.h; sourceTree = "<group>"; };
		1AAE3E2A24AC345700608542 /* WkPdfController.m */ = {isa = PBXFileReference; lastKnownFileType = sourcecode.c.objc; path = WkPdfController.m; sourceTree = "<group>"; };
		1AAE3E2F24AC35CF00608542 /* UIPrintPageRenderer+PDF.h */ = {isa = PBXFileReference; lastKnownFileType = sourcecode.c.h; path = "UIPrintPageRenderer+PDF.h"; sourceTree = "<group>"; };
		1AAE3E3024AC35CF00608542 /* UIPrintPageRenderer+PDF.m */ = {isa = PBXFileReference; lastKnownFileType = sourcecode.c.objc; path = "UIPrintPageRenderer+PDF.m"; sourceTree = "<group>"; };
		1AAE3E3224AC367100608542 /* PDFKit.framework */ = {isa = PBXFileReference; lastKnownFileType = wrapper.framework; name = PDFKit.framework; path = System/Library/Frameworks/PDFKit.framework; sourceTree = SDKROOT; };
		1AAE7B37247E12E40009080F /* ShadowController.h */ = {isa = PBXFileReference; lastKnownFileType = sourcecode.c.h; path = ShadowController.h; sourceTree = "<group>"; };
		1AAE7B38247E12E40009080F /* ShadowController.m */ = {isa = PBXFileReference; lastKnownFileType = sourcecode.c.objc; path = ShadowController.m; sourceTree = "<group>"; };
		2606EB08BA980EEFC8098AD4 /* Pods-RunTime.debug.xcconfig */ = {isa = PBXFileReference; includeInIndex = 1; lastKnownFileType = text.xcconfig; name = "Pods-RunTime.debug.xcconfig"; path = "Target Support Files/Pods-RunTime/Pods-RunTime.debug.xcconfig"; sourceTree = "<group>"; };
		40DE461113DB117B49C0872D /* Pods-RunTime.release.xcconfig */ = {isa = PBXFileReference; includeInIndex = 1; lastKnownFileType = text.xcconfig; name = "Pods-RunTime.release.xcconfig"; path = "Target Support Files/Pods-RunTime/Pods-RunTime.release.xcconfig"; sourceTree = "<group>"; };
		524F94AF242CCFEE0061F79F /* UIColor+NSSString.h */ = {isa = PBXFileReference; fileEncoding = 4; lastKnownFileType = sourcecode.c.h; path = "UIColor+NSSString.h"; sourceTree = "<group>"; };
		524F94B0242CCFEE0061F79F /* UIColor+NSSString.m */ = {isa = PBXFileReference; fileEncoding = 4; lastKnownFileType = sourcecode.c.objc; path = "UIColor+NSSString.m"; sourceTree = "<group>"; };
		526887C2242C560F0063A184 /* CircleController.h */ = {isa = PBXFileReference; lastKnownFileType = sourcecode.c.h; path = CircleController.h; sourceTree = "<group>"; };
		526887C3242C560F0063A184 /* CircleController.m */ = {isa = PBXFileReference; lastKnownFileType = sourcecode.c.objc; path = CircleController.m; sourceTree = "<group>"; };
		526887C5242C68470063A184 /* CalenderController.h */ = {isa = PBXFileReference; lastKnownFileType = sourcecode.c.h; path = CalenderController.h; sourceTree = "<group>"; };
		526887C6242C68470063A184 /* CalenderController.m */ = {isa = PBXFileReference; lastKnownFileType = sourcecode.c.objc; path = CalenderController.m; sourceTree = "<group>"; };
		526887C9242C6CDE0063A184 /* AGHomeCalendarView.h */ = {isa = PBXFileReference; lastKnownFileType = sourcecode.c.h; path = AGHomeCalendarView.h; sourceTree = "<group>"; };
		526887CA242C6CDE0063A184 /* AGHomeCalendarView.m */ = {isa = PBXFileReference; lastKnownFileType = sourcecode.c.objc; path = AGHomeCalendarView.m; sourceTree = "<group>"; };
		526887CC242C6F770063A184 /* AGDateHelpObject.h */ = {isa = PBXFileReference; lastKnownFileType = sourcecode.c.h; path = AGDateHelpObject.h; sourceTree = "<group>"; };
		526887CD242C6F770063A184 /* AGDateHelpObject.m */ = {isa = PBXFileReference; lastKnownFileType = sourcecode.c.objc; path = AGDateHelpObject.m; sourceTree = "<group>"; };
		526887CF242C743E0063A184 /* AGWeekView.h */ = {isa = PBXFileReference; lastKnownFileType = sourcecode.c.h; path = AGWeekView.h; sourceTree = "<group>"; };
		526887D0242C743E0063A184 /* AGWeekView.m */ = {isa = PBXFileReference; lastKnownFileType = sourcecode.c.objc; path = AGWeekView.m; sourceTree = "<group>"; };
		52C475962429A2A400E8F52F /* RunTime.app */ = {isa = PBXFileReference; explicitFileType = wrapper.application; includeInIndex = 0; path = RunTime.app; sourceTree = BUILT_PRODUCTS_DIR; };
		52C475992429A2A400E8F52F /* AppDelegate.h */ = {isa = PBXFileReference; lastKnownFileType = sourcecode.c.h; path = AppDelegate.h; sourceTree = "<group>"; };
		52C4759A2429A2A400E8F52F /* AppDelegate.m */ = {isa = PBXFileReference; lastKnownFileType = sourcecode.c.objc; path = AppDelegate.m; sourceTree = "<group>"; };
		52C4759C2429A2A400E8F52F /* SceneDelegate.h */ = {isa = PBXFileReference; lastKnownFileType = sourcecode.c.h; path = SceneDelegate.h; sourceTree = "<group>"; };
		52C4759D2429A2A400E8F52F /* SceneDelegate.m */ = {isa = PBXFileReference; lastKnownFileType = sourcecode.c.objc; path = SceneDelegate.m; sourceTree = "<group>"; };
		52C4759F2429A2A400E8F52F /* ViewController.h */ = {isa = PBXFileReference; lastKnownFileType = sourcecode.c.h; path = ViewController.h; sourceTree = "<group>"; };
		52C475A02429A2A400E8F52F /* ViewController.m */ = {isa = PBXFileReference; lastKnownFileType = sourcecode.c.objc; path = ViewController.m; sourceTree = "<group>"; };
		52C475A32429A2A400E8F52F /* Base */ = {isa = PBXFileReference; lastKnownFileType = file.storyboard; name = Base; path = Base.lproj/Main.storyboard; sourceTree = "<group>"; };
		52C475A52429A2A600E8F52F /* Assets.xcassets */ = {isa = PBXFileReference; lastKnownFileType = folder.assetcatalog; path = Assets.xcassets; sourceTree = "<group>"; };
		52C475A82429A2A600E8F52F /* Base */ = {isa = PBXFileReference; lastKnownFileType = file.storyboard; name = Base; path = Base.lproj/LaunchScreen.storyboard; sourceTree = "<group>"; };
		52C475AA2429A2A600E8F52F /* Info.plist */ = {isa = PBXFileReference; lastKnownFileType = text.plist.xml; path = Info.plist; sourceTree = "<group>"; };
		52C475AB2429A2A600E8F52F /* main.m */ = {isa = PBXFileReference; lastKnownFileType = sourcecode.c.objc; path = main.m; sourceTree = "<group>"; };
		52C475BF2429D88100E8F52F /* CircleLayout.h */ = {isa = PBXFileReference; lastKnownFileType = sourcecode.c.h; path = CircleLayout.h; sourceTree = "<group>"; };
		52C475C02429D88100E8F52F /* CircleLayout.m */ = {isa = PBXFileReference; lastKnownFileType = sourcecode.c.objc; path = CircleLayout.m; sourceTree = "<group>"; };
		52C475C22429E14800E8F52F /* UIView+PBFrameExtension.m */ = {isa = PBXFileReference; fileEncoding = 4; lastKnownFileType = sourcecode.c.objc; path = "UIView+PBFrameExtension.m"; sourceTree = "<group>"; };
		52C475C32429E14800E8F52F /* UIView+PBFrameExtension.h */ = {isa = PBXFileReference; fileEncoding = 4; lastKnownFileType = sourcecode.c.h; path = "UIView+PBFrameExtension.h"; sourceTree = "<group>"; };
		52C475C82429EC0900E8F52F /* ItemCell.h */ = {isa = PBXFileReference; lastKnownFileType = sourcecode.c.h; path = ItemCell.h; sourceTree = "<group>"; };
		52C475C92429EC0900E8F52F /* ItemCell.m */ = {isa = PBXFileReference; lastKnownFileType = sourcecode.c.objc; path = ItemCell.m; sourceTree = "<group>"; };
		52C475E0242AE87E00E8F52F /* CircleNewLayout.h */ = {isa = PBXFileReference; lastKnownFileType = sourcecode.c.h; path = CircleNewLayout.h; sourceTree = "<group>"; };
		52C475E1242AE87E00E8F52F /* CircleNewLayout.m */ = {isa = PBXFileReference; lastKnownFileType = sourcecode.c.objc; path = CircleNewLayout.m; sourceTree = "<group>"; };
		5ECFD8939D7C84B61504CF0A /* libPods-RunTime.a */ = {isa = PBXFileReference; explicitFileType = archive.ar; includeInIndex = 0; path = "libPods-RunTime.a"; sourceTree = BUILT_PRODUCTS_DIR; };
/* End PBXFileReference section */

/* Begin PBXFrameworksBuildPhase section */
		52C475932429A2A400E8F52F /* Frameworks */ = {
			isa = PBXFrameworksBuildPhase;
			buildActionMask = 2147483647;
			files = (
				1AAE3E3324AC367100608542 /* PDFKit.framework in Frameworks */,
				B05F2BF07D186BF9B7C14051 /* libPods-RunTime.a in Frameworks */,
			);
			runOnlyForDeploymentPostprocessing = 0;
		};
/* End PBXFrameworksBuildPhase section */

/* Begin PBXGroup section */
		1A20639724AC7B7600F6F444 /* LongImage */ = {
			isa = PBXGroup;
			children = (
				1A20639824AC7B8A00F6F444 /* LongImgController.h */,
				1A20639924AC7B8A00F6F444 /* LongImgController.m */,
			);
			path = LongImage;
			sourceTree = "<group>";
		};
		1A50DD3B24AC93320021350F /* SDWebImage */ = {
			isa = PBXGroup;
			children = (
				1A50DD3C24AC93320021350F /* WebImage */,
				1A50DD3E24AC93320021350F /* LICENSE */,
				1A50DD3F24AC93320021350F /* README.md */,
				1A50DD4024AC93320021350F /* SDWebImage */,
			);
			path = SDWebImage;
			sourceTree = "<group>";
		};
		1A50DD3C24AC93320021350F /* WebImage */ = {
			isa = PBXGroup;
			children = (
				1A50DD3D24AC93320021350F /* SDWebImage.h */,
			);
			path = WebImage;
			sourceTree = "<group>";
		};
		1A50DD4024AC93320021350F /* SDWebImage */ = {
			isa = PBXGroup;
			children = (
				1A50DD4124AC93320021350F /* Core */,
				1A50DDB324AC93320021350F /* Private */,
			);
			path = SDWebImage;
			sourceTree = "<group>";
		};
		1A50DD4124AC93320021350F /* Core */ = {
			isa = PBXGroup;
			children = (
				1A50DD4224AC93320021350F /* UIImage+ExtendedCacheData.h */,
				1A50DD4324AC93320021350F /* SDImageHEICCoder.m */,
				1A50DD4424AC93320021350F /* SDAnimatedImageRep.h */,
				1A50DD4524AC93320021350F /* NSImage+Compatibility.m */,
				1A50DD4624AC93320021350F /* SDDiskCache.h */,
				1A50DD4724AC93320021350F /* SDAnimatedImageView+WebCache.m */,
				1A50DD4824AC93320021350F /* SDImageIOCoder.h */,
				1A50DD4924AC93320021350F /* SDImageCoder.m */,
				1A50DD4A24AC93320021350F /* NSButton+WebCache.h */,
				1A50DD4B24AC93320021350F /* SDImageGraphics.h */,
				1A50DD4C24AC93320021350F /* UIImageView+WebCache.h */,
				1A50DD4D24AC93320021350F /* NSData+ImageContentType.h */,
				1A50DD4E24AC93320021350F /* SDWebImageDownloaderDecryptor.m */,
				1A50DD4F24AC93320021350F /* SDImageTransformer.h */,
				1A50DD5024AC93320021350F /* SDImageCachesManager.h */,
				1A50DD5124AC93320021350F /* SDWebImageTransition.h */,
				1A50DD5224AC93320021350F /* SDWebImageManager.m */,
				1A50DD5324AC93320021350F /* SDImageLoadersManager.h */,
				1A50DD5424AC93320021350F /* SDImageIOAnimatedCoder.m */,
				1A50DD5524AC93320021350F /* SDWebImageDownloaderOperation.h */,
				1A50DD5624AC93320021350F /* UIImageView+HighlightedWebCache.m */,
				1A50DD5724AC93320021350F /* SDImageFrame.h */,
				1A50DD5824AC93320021350F /* SDImageGIFCoder.h */,
				1A50DD5924AC93320021350F /* SDImageCache.h */,
				1A50DD5A24AC93320021350F /* SDWebImageDownloaderConfig.h */,
				1A50DD5B24AC93320021350F /* SDAnimatedImage.m */,
				1A50DD5C24AC93320021350F /* SDAnimatedImageView.m */,
				1A50DD5D24AC93320021350F /* UIImage+ForceDecode.m */,
				1A50DD5E24AC93320021350F /* SDImageCacheConfig.h */,
				1A50DD5F24AC93320021350F /* SDWebImageCacheKeyFilter.h */,
				1A50DD6024AC93320021350F /* SDAnimatedImagePlayer.m */,
				1A50DD6124AC93320021350F /* UIImage+Transform.m */,
				1A50DD6224AC93320021350F /* UIImage+MemoryCacheCost.h */,
				1A50DD6324AC93320021350F /* SDWebImageDownloader.m */,
				1A50DD6424AC93320021350F /* SDImageCacheDefine.h */,
				1A50DD6524AC93320021350F /* SDImageLoader.m */,
				1A50DD6624AC93320021350F /* SDWebImageCacheSerializer.m */,
				1A50DD6724AC93320021350F /* SDWebImageIndicator.m */,
				1A50DD6824AC93320021350F /* SDGraphicsImageRenderer.m */,
				1A50DD6924AC93320021350F /* UIImage+GIF.m */,
				1A50DD6A24AC93320021350F /* SDImageCodersManager.m */,
				1A50DD6B24AC93320021350F /* UIButton+WebCache.h */,
				1A50DD6C24AC93320021350F /* SDWebImageDownloaderRequestModifier.h */,
				1A50DD6D24AC93320021350F /* UIImage+MultiFormat.m */,
				1A50DD6E24AC93320021350F /* SDMemoryCache.m */,
				1A50DD6F24AC93320021350F /* UIImage+Metadata.h */,
				1A50DD7024AC93320021350F /* SDWebImageCompat.m */,
				1A50DD7124AC93320021350F /* SDImageAPNGCoder.m */,
				1A50DD7224AC93320021350F /* SDWebImageDownloaderResponseModifier.m */,
				1A50DD7324AC93320021350F /* SDWebImageError.m */,
				1A50DD7424AC93320021350F /* SDWebImagePrefetcher.m */,
				1A50DD7524AC93320021350F /* SDImageCoderHelper.m */,
				1A50DD7624AC93320021350F /* SDWebImageOptionsProcessor.h */,
				1A50DD7724AC93320021350F /* UIView+WebCache.h */,
				1A50DD7824AC93320021350F /* UIView+WebCacheOperation.h */,
				1A50DD7924AC93320021350F /* SDWebImageDefine.h */,
				1A50DD7A24AC93320021350F /* NSButton+WebCache.m */,
				1A50DD7B24AC93320021350F /* SDImageCoder.h */,
				1A50DD7C24AC93320021350F /* SDImageIOCoder.m */,
				1A50DD7D24AC93320021350F /* SDAnimatedImageView+WebCache.h */,
				1A50DD7E24AC93320021350F /* SDDiskCache.m */,
				1A50DD7F24AC93320021350F /* NSImage+Compatibility.h */,
				1A50DD8024AC93320021350F /* SDAnimatedImageRep.m */,
				1A50DD8124AC93320021350F /* SDImageHEICCoder.h */,
				1A50DD8224AC93320021350F /* UIImage+ExtendedCacheData.m */,
				1A50DD8324AC93320021350F /* SDAnimatedImageView.h */,
				1A50DD8424AC93320021350F /* SDWebImageDownloaderConfig.m */,
				1A50DD8524AC93320021350F /* SDAnimatedImage.h */,
				1A50DD8624AC93320021350F /* SDImageCache.m */,
				1A50DD8724AC93320021350F /* SDImageGIFCoder.m */,
				1A50DD8824AC93320021350F /* UIImageView+HighlightedWebCache.h */,
				1A50DD8924AC93320021350F /* SDImageFrame.m */,
				1A50DD8A24AC93320021350F /* SDWebImageDownloaderOperation.m */,
				1A50DD8B24AC93320021350F /* SDImageIOAnimatedCoder.h */,
				1A50DD8C24AC93320021350F /* SDImageLoadersManager.m */,
				1A50DD8D24AC93320021350F /* SDImageCachesManager.m */,
				1A50DD8E24AC93320021350F /* SDWebImageTransition.m */,
				1A50DD8F24AC93320021350F /* SDWebImageManager.h */,
				1A50DD9024AC93320021350F /* SDImageTransformer.m */,
				1A50DD9124AC93320021350F /* NSData+ImageContentType.m */,
				1A50DD9224AC93320021350F /* UIImageView+WebCache.m */,
				1A50DD9324AC93320021350F /* SDWebImageDownloaderDecryptor.h */,
				1A50DD9424AC93320021350F /* SDWebImageOperation.h */,
				1A50DD9524AC93320021350F /* SDImageGraphics.m */,
				1A50DD9624AC93320021350F /* SDGraphicsImageRenderer.h */,
				1A50DD9724AC93320021350F /* SDWebImageIndicator.h */,
				1A50DD9824AC93320021350F /* SDWebImageCacheSerializer.h */,
				1A50DD9924AC93320021350F /* SDImageLoader.h */,
				1A50DD9A24AC93320021350F /* SDImageCacheDefine.m */,
				1A50DD9B24AC93320021350F /* SDWebImageDownloader.h */,
				1A50DD9C24AC93320021350F /* UIImage+MemoryCacheCost.m */,
				1A50DD9D24AC93320021350F /* UIImage+Transform.h */,
				1A50DD9E24AC93320021350F /* SDAnimatedImagePlayer.h */,
				1A50DD9F24AC93320021350F /* SDImageCacheConfig.m */,
				1A50DDA024AC93320021350F /* SDWebImageCacheKeyFilter.m */,
				1A50DDA124AC93320021350F /* UIImage+ForceDecode.h */,
				1A50DDA224AC93320021350F /* SDWebImageDefine.m */,
				1A50DDA324AC93320021350F /* SDImageCoderHelper.h */,
				1A50DDA424AC93320021350F /* SDWebImageOptionsProcessor.m */,
				1A50DDA524AC93320021350F /* UIView+WebCacheOperation.m */,
				1A50DDA624AC93320021350F /* UIView+WebCache.m */,
				1A50DDA724AC93320021350F /* SDWebImagePrefetcher.h */,
				1A50DDA824AC93320021350F /* SDWebImageDownloaderResponseModifier.h */,
				1A50DDA924AC93320021350F /* SDImageAPNGCoder.h */,
				1A50DDAA24AC93320021350F /* SDWebImageError.h */,
				1A50DDAB24AC93320021350F /* SDWebImageCompat.h */,
				1A50DDAC24AC93320021350F /* SDMemoryCache.h */,
				1A50DDAD24AC93320021350F /* UIImage+Metadata.m */,
				1A50DDAE24AC93320021350F /* UIImage+MultiFormat.h */,
				1A50DDAF24AC93320021350F /* UIButton+WebCache.m */,
				1A50DDB024AC93320021350F /* SDWebImageDownloaderRequestModifier.m */,
				1A50DDB124AC93320021350F /* SDImageCodersManager.h */,
				1A50DDB224AC93320021350F /* UIImage+GIF.h */,
			);
			path = Core;
			sourceTree = "<group>";
		};
		1A50DDB324AC93320021350F /* Private */ = {
			isa = PBXGroup;
			children = (
				1A50DDB424AC93320021350F /* SDDeviceHelper.h */,
				1A50DDB524AC93320021350F /* SDWeakProxy.h */,
				1A50DDB624AC93320021350F /* SDImageCachesManagerOperation.m */,
				1A50DDB724AC93320021350F /* SDFileAttributeHelper.h */,
				1A50DDB824AC93320021350F /* SDInternalMacros.h */,
				1A50DDB924AC93320021350F /* NSBezierPath+RoundedCorners.h */,
				1A50DDBA24AC93320021350F /* SDImageAssetManager.m */,
				1A50DDBB24AC93320021350F /* SDAsyncBlockOperation.h */,
				1A50DDBC24AC93320021350F /* SDDisplayLink.h */,
				1A50DDBD24AC93320021350F /* UIColor+HexString.h */,
				1A50DDBE24AC93320021350F /* SDAssociatedObject.h */,
				1A50DDBF24AC93320021350F /* SDmetamacros.h */,
				1A50DDC024AC93320021350F /* SDImageHEICCoderInternal.h */,
				1A50DDC124AC93320021350F /* SDImageIOAnimatedCoderInternal.h */,
				1A50DDC224AC93320021350F /* SDDeviceHelper.m */,
				1A50DDC324AC93320021350F /* SDWeakProxy.m */,
				1A50DDC424AC93320021350F /* SDInternalMacros.m */,
				1A50DDC524AC93320021350F /* SDFileAttributeHelper.m */,
				1A50DDC624AC93320021350F /* SDImageCachesManagerOperation.h */,
				1A50DDC724AC93320021350F /* SDDisplayLink.m */,
				1A50DDC824AC93320021350F /* SDImageAssetManager.h */,
				1A50DDC924AC93320021350F /* SDAsyncBlockOperation.m */,
				1A50DDCA24AC93320021350F /* NSBezierPath+RoundedCorners.m */,
				1A50DDCB24AC93320021350F /* UIColor+HexString.m */,
				1A50DDCC24AC93320021350F /* SDAssociatedObject.m */,
			);
			path = Private;
			sourceTree = "<group>";
		};
		1AAE3E2824AC344700608542 /* WKPdf */ = {
			isa = PBXGroup;
			children = (
				1AAE3E2924AC345700608542 /* WkPdfController.h */,
				1AAE3E2A24AC345700608542 /* WkPdfController.m */,
				1AAE3E2F24AC35CF00608542 /* UIPrintPageRenderer+PDF.h */,
				1AAE3E3024AC35CF00608542 /* UIPrintPageRenderer+PDF.m */,
			);
			path = WKPdf;
			sourceTree = "<group>";
		};
		1AAE7B36247E12D10009080F /* Shadow */ = {
			isa = PBXGroup;
			children = (
				1AAE7B37247E12E40009080F /* ShadowController.h */,
				1AAE7B38247E12E40009080F /* ShadowController.m */,
				1A7FFEAE24A89537000AF1CA /* AGWechatShare.h */,
				1A7FFEAF24A89537000AF1CA /* AGWechatShare.m */,
			);
			path = Shadow;
			sourceTree = "<group>";
		};
		526887C1242C55D90063A184 /* CircleBtn */ = {
			isa = PBXGroup;
			children = (
				52C475C82429EC0900E8F52F /* ItemCell.h */,
				52C475C92429EC0900E8F52F /* ItemCell.m */,
				52C475BF2429D88100E8F52F /* CircleLayout.h */,
				52C475C02429D88100E8F52F /* CircleLayout.m */,
				52C475E0242AE87E00E8F52F /* CircleNewLayout.h */,
				52C475E1242AE87E00E8F52F /* CircleNewLayout.m */,
				526887C2242C560F0063A184 /* CircleController.h */,
				526887C3242C560F0063A184 /* CircleController.m */,
			);
			path = CircleBtn;
			sourceTree = "<group>";
		};
		526887C8242C6A9C0063A184 /* Calendar */ = {
			isa = PBXGroup;
			children = (
				526887C9242C6CDE0063A184 /* AGHomeCalendarView.h */,
				526887CA242C6CDE0063A184 /* AGHomeCalendarView.m */,
				526887CF242C743E0063A184 /* AGWeekView.h */,
				526887D0242C743E0063A184 /* AGWeekView.m */,
				526887CC242C6F770063A184 /* AGDateHelpObject.h */,
				526887CD242C6F770063A184 /* AGDateHelpObject.m */,
			);
			path = Calendar;
			sourceTree = "<group>";
		};
		52C4758D2429A2A400E8F52F = {
			isa = PBXGroup;
			children = (
				52C475982429A2A400E8F52F /* RunTime */,
				52C475972429A2A400E8F52F /* Products */,
				7BA5621440021624C762FE9D /* Pods */,
				D531B9D2869CDB109FB66198 /* Frameworks */,
			);
			sourceTree = "<group>";
		};
		52C475972429A2A400E8F52F /* Products */ = {
			isa = PBXGroup;
			children = (
				52C475962429A2A400E8F52F /* RunTime.app */,
			);
			name = Products;
			sourceTree = "<group>";
		};
		52C475982429A2A400E8F52F /* RunTime */ = {
			isa = PBXGroup;
			children = (
				1A50DD3B24AC93320021350F /* SDWebImage */,
				524F94AF242CCFEE0061F79F /* UIColor+NSSString.h */,
				524F94B0242CCFEE0061F79F /* UIColor+NSSString.m */,
				1A20639724AC7B7600F6F444 /* LongImage */,
				1AAE3E2824AC344700608542 /* WKPdf */,
				1AAE7B36247E12D10009080F /* Shadow */,
				526887C8242C6A9C0063A184 /* Calendar */,
				526887C1242C55D90063A184 /* CircleBtn */,
				52C475992429A2A400E8F52F /* AppDelegate.h */,
				52C4759A2429A2A400E8F52F /* AppDelegate.m */,
				52C4759C2429A2A400E8F52F /* SceneDelegate.h */,
				52C4759D2429A2A400E8F52F /* SceneDelegate.m */,
				52C4759F2429A2A400E8F52F /* ViewController.h */,
				52C475A02429A2A400E8F52F /* ViewController.m */,
				526887C5242C68470063A184 /* CalenderController.h */,
				526887C6242C68470063A184 /* CalenderController.m */,
				52C475C32429E14800E8F52F /* UIView+PBFrameExtension.h */,
				52C475C22429E14800E8F52F /* UIView+PBFrameExtension.m */,
				52C475A22429A2A400E8F52F /* Main.storyboard */,
				52C475A52429A2A600E8F52F /* Assets.xcassets */,
				52C475A72429A2A600E8F52F /* LaunchScreen.storyboard */,
				52C475AA2429A2A600E8F52F /* Info.plist */,
				52C475AB2429A2A600E8F52F /* main.m */,
			);
			path = RunTime;
			sourceTree = "<group>";
		};
		7BA5621440021624C762FE9D /* Pods */ = {
			isa = PBXGroup;
			children = (
				2606EB08BA980EEFC8098AD4 /* Pods-RunTime.debug.xcconfig */,
				40DE461113DB117B49C0872D /* Pods-RunTime.release.xcconfig */,
			);
			path = Pods;
			sourceTree = "<group>";
		};
		D531B9D2869CDB109FB66198 /* Frameworks */ = {
			isa = PBXGroup;
			children = (
				1AAE3E3224AC367100608542 /* PDFKit.framework */,
				5ECFD8939D7C84B61504CF0A /* libPods-RunTime.a */,
			);
			name = Frameworks;
			sourceTree = "<group>";
		};
/* End PBXGroup section */

/* Begin PBXNativeTarget section */
		52C475952429A2A400E8F52F /* RunTime */ = {
			isa = PBXNativeTarget;
			buildConfigurationList = 52C475AF2429A2A600E8F52F /* Build configuration list for PBXNativeTarget "RunTime" */;
			buildPhases = (
				D3A7DBB20D1AC659F83EF5C1 /* [CP] Check Pods Manifest.lock */,
				52C475922429A2A400E8F52F /* Sources */,
				52C475932429A2A400E8F52F /* Frameworks */,
				52C475942429A2A400E8F52F /* Resources */,
			);
			buildRules = (
			);
			dependencies = (
			);
			name = RunTime;
			productName = RunTime;
			productReference = 52C475962429A2A400E8F52F /* RunTime.app */;
			productType = "com.apple.product-type.application";
		};
/* End PBXNativeTarget section */

/* Begin PBXProject section */
		52C4758E2429A2A400E8F52F /* Project object */ = {
			isa = PBXProject;
			attributes = {
				LastUpgradeCheck = 1130;
				ORGANIZATIONNAME = wonders;
				TargetAttributes = {
					52C475952429A2A400E8F52F = {
						CreatedOnToolsVersion = 11.3.1;
					};
				};
			};
			buildConfigurationList = 52C475912429A2A400E8F52F /* Build configuration list for PBXProject "RunTime" */;
			compatibilityVersion = "Xcode 9.3";
			developmentRegion = en;
			hasScannedForEncodings = 0;
			knownRegions = (
				en,
				Base,
			);
			mainGroup = 52C4758D2429A2A400E8F52F;
			productRefGroup = 52C475972429A2A400E8F52F /* Products */;
			projectDirPath = "";
			projectRoot = "";
			targets = (
				52C475952429A2A400E8F52F /* RunTime */,
			);
		};
/* End PBXProject section */

/* Begin PBXResourcesBuildPhase section */
		52C475942429A2A400E8F52F /* Resources */ = {
			isa = PBXResourcesBuildPhase;
			buildActionMask = 2147483647;
			files = (
				52C475A92429A2A600E8F52F /* LaunchScreen.storyboard in Resources */,
				52C475A62429A2A600E8F52F /* Assets.xcassets in Resources */,
				1A50DDCE24AC93320021350F /* README.md in Resources */,
				1A50DDCD24AC93320021350F /* LICENSE in Resources */,
				52C475A42429A2A400E8F52F /* Main.storyboard in Resources */,
			);
			runOnlyForDeploymentPostprocessing = 0;
		};
/* End PBXResourcesBuildPhase section */

/* Begin PBXShellScriptBuildPhase section */
		D3A7DBB20D1AC659F83EF5C1 /* [CP] Check Pods Manifest.lock */ = {
			isa = PBXShellScriptBuildPhase;
			buildActionMask = 2147483647;
			files = (
			);
			inputFileListPaths = (
			);
			inputPaths = (
				"${PODS_PODFILE_DIR_PATH}/Podfile.lock",
				"${PODS_ROOT}/Manifest.lock",
			);
			name = "[CP] Check Pods Manifest.lock";
			outputFileListPaths = (
			);
			outputPaths = (
				"$(DERIVED_FILE_DIR)/Pods-RunTime-checkManifestLockResult.txt",
			);
			runOnlyForDeploymentPostprocessing = 0;
			shellPath = /bin/sh;
			shellScript = "diff \"${PODS_PODFILE_DIR_PATH}/Podfile.lock\" \"${PODS_ROOT}/Manifest.lock\" > /dev/null\nif [ $? != 0 ] ; then\n    # print error to STDERR\n    echo \"error: The sandbox is not in sync with the Podfile.lock. Run 'pod install' or update your CocoaPods installation.\" >&2\n    exit 1\nfi\n# This output is used by Xcode 'outputs' to avoid re-running this script phase.\necho \"SUCCESS\" > \"${SCRIPT_OUTPUT_FILE_0}\"\n";
			showEnvVarsInLog = 0;
		};
/* End PBXShellScriptBuildPhase section */

/* Begin PBXSourcesBuildPhase section */
		52C475922429A2A400E8F52F /* Sources */ = {
			isa = PBXSourcesBuildPhase;
			buildActionMask = 2147483647;
			files = (
				1A50DDD124AC93320021350F /* SDAnimatedImageView+WebCache.m in Sources */,
				1AAE3E2B24AC345800608542 /* WkPdfController.m in Sources */,
				52C475CA2429EC0900E8F52F /* ItemCell.m in Sources */,
				1A50DDF424AC93320021350F /* SDWebImageDownloaderOperation.m in Sources */,
				1A50DDD024AC93320021350F /* NSImage+Compatibility.m in Sources */,
				1A7FFEB024A89537000AF1CA /* AGWechatShare.m in Sources */,
				1A50DDF224AC93320021350F /* SDImageGIFCoder.m in Sources */,
				1A50DDD724AC93320021350F /* SDAnimatedImage.m in Sources */,
				1A50DDD324AC93320021350F /* SDWebImageDownloaderDecryptor.m in Sources */,
				1A50DE0D24AC93320021350F /* SDDisplayLink.m in Sources */,
				1A50DDF524AC93320021350F /* SDImageLoadersManager.m in Sources */,
				1A50DDD824AC93320021350F /* SDAnimatedImageView.m in Sources */,
				1A50DE0824AC93320021350F /* SDImageAssetManager.m in Sources */,
				524F94B1242CCFEE0061F79F /* UIColor+NSSString.m in Sources */,
				1A50DDD224AC93320021350F /* SDImageCoder.m in Sources */,
				52C475A12429A2A400E8F52F /* ViewController.m in Sources */,
				1A50DDDA24AC93320021350F /* SDAnimatedImagePlayer.m in Sources */,
				1A50DE0524AC93320021350F /* UIButton+WebCache.m in Sources */,
				1A50DDE224AC93320021350F /* SDImageCodersManager.m in Sources */,
				1A50DE1124AC93320021350F /* SDAssociatedObject.m in Sources */,
				1A20639A24AC7B8A00F6F444 /* LongImgController.m in Sources */,
				1A50DDFC24AC93320021350F /* SDImageCacheDefine.m in Sources */,
				1A50DE0724AC93320021350F /* SDImageCachesManagerOperation.m in Sources */,
				1A50DDE724AC93320021350F /* SDWebImageDownloaderResponseModifier.m in Sources */,
				1A50DDDE24AC93320021350F /* SDWebImageCacheSerializer.m in Sources */,
				1A50DDF024AC93320021350F /* SDWebImageDownloaderConfig.m in Sources */,
				52C475E2242AE87E00E8F52F /* CircleNewLayout.m in Sources */,
				1A50DDD924AC93320021350F /* UIImage+ForceDecode.m in Sources */,
				1A50DDE824AC93320021350F /* SDWebImageError.m in Sources */,
				1A50DDFF24AC93320021350F /* SDWebImageCacheKeyFilter.m in Sources */,
				1A50DE0C24AC93320021350F /* SDFileAttributeHelper.m in Sources */,
				1A50DDFB24AC93320021350F /* SDImageGraphics.m in Sources */,
				1A50DE0224AC93320021350F /* UIView+WebCacheOperation.m in Sources */,
				1A50DDE124AC93320021350F /* UIImage+GIF.m in Sources */,
				52C4759B2429A2A400E8F52F /* AppDelegate.m in Sources */,
				1A50DDE524AC93320021350F /* SDWebImageCompat.m in Sources */,
				1A50DDEA24AC93320021350F /* SDImageCoderHelper.m in Sources */,
				1AAE7B39247E12E40009080F /* ShadowController.m in Sources */,
				1A50DDF924AC93320021350F /* NSData+ImageContentType.m in Sources */,
				52C475AC2429A2A600E8F52F /* main.m in Sources */,
				526887C7242C68470063A184 /* CalenderController.m in Sources */,
				1A50DE0B24AC93320021350F /* SDInternalMacros.m in Sources */,
				1A50DDDD24AC93320021350F /* SDImageLoader.m in Sources */,
				1A50DDFA24AC93320021350F /* UIImageView+WebCache.m in Sources */,
				1A50DDDF24AC93320021350F /* SDWebImageIndicator.m in Sources */,
				52C4759E2429A2A400E8F52F /* SceneDelegate.m in Sources */,
				526887D1242C743E0063A184 /* AGWeekView.m in Sources */,
				1A50DE0124AC93320021350F /* SDWebImageOptionsProcessor.m in Sources */,
				1A50DDD424AC93320021350F /* SDWebImageManager.m in Sources */,
				1A50DDDB24AC93320021350F /* UIImage+Transform.m in Sources */,
				1A50DDD624AC93320021350F /* UIImageView+HighlightedWebCache.m in Sources */,
				1A50DE1024AC93320021350F /* UIColor+HexString.m in Sources */,
				1A50DDF624AC93320021350F /* SDImageCachesManager.m in Sources */,
				1A50DDFE24AC93320021350F /* SDImageCacheConfig.m in Sources */,
				1A50DE0A24AC93320021350F /* SDWeakProxy.m in Sources */,
				1A50DDFD24AC93320021350F /* UIImage+MemoryCacheCost.m in Sources */,
				1A50DDE024AC93320021350F /* SDGraphicsImageRenderer.m in Sources */,
				1A50DE0024AC93320021350F /* SDWebImageDefine.m in Sources */,
				52C475C42429E14800E8F52F /* UIView+PBFrameExtension.m in Sources */,
				1A50DE0324AC93320021350F /* UIView+WebCache.m in Sources */,
				1A50DE0924AC93320021350F /* SDDeviceHelper.m in Sources */,
				1A50DDE624AC93320021350F /* SDImageAPNGCoder.m in Sources */,
				1A50DDF124AC93320021350F /* SDImageCache.m in Sources */,
				1A50DDDC24AC93320021350F /* SDWebImageDownloader.m in Sources */,
				1A50DDE324AC93320021350F /* UIImage+MultiFormat.m in Sources */,
				1A50DDE924AC93320021350F /* SDWebImagePrefetcher.m in Sources */,
				1A50DDE424AC93320021350F /* SDMemoryCache.m in Sources */,
				1A50DDEB24AC93320021350F /* NSButton+WebCache.m in Sources */,
				526887CB242C6CDE0063A184 /* AGHomeCalendarView.m in Sources */,
				1A50DE0E24AC93320021350F /* SDAsyncBlockOperation.m in Sources */,
				1A50DDF824AC93320021350F /* SDImageTransformer.m in Sources */,
				1AAE3E3124AC35CF00608542 /* UIPrintPageRenderer+PDF.m in Sources */,
				52C475C12429D88100E8F52F /* CircleLayout.m in Sources */,
				1A50DE0F24AC93320021350F /* NSBezierPath+RoundedCorners.m in Sources */,
				1A50DDCF24AC93320021350F /* SDImageHEICCoder.m in Sources */,
				526887C4242C560F0063A184 /* CircleController.m in Sources */,
				1A50DDF724AC93320021350F /* SDWebImageTransition.m in Sources */,
				526887CE242C6F770063A184 /* AGDateHelpObject.m in Sources */,
				1A50DDEC24AC93320021350F /* SDImageIOCoder.m in Sources */,
				1A50DE0424AC93320021350F /* UIImage+Metadata.m in Sources */,
				1A50DDED24AC93320021350F /* SDDiskCache.m in Sources */,
				1A50DDEF24AC93320021350F /* UIImage+ExtendedCacheData.m in Sources */,
				1A50DDEE24AC93320021350F /* SDAnimatedImageRep.m in Sources */,
				1A50DDF324AC93320021350F /* SDImageFrame.m in Sources */,
				1A50DE0624AC93320021350F /* SDWebImageDownloaderRequestModifier.m in Sources */,
				1A50DDD524AC93320021350F /* SDImageIOAnimatedCoder.m in Sources */,
			);
			runOnlyForDeploymentPostprocessing = 0;
		};
/* End PBXSourcesBuildPhase section */

/* Begin PBXVariantGroup section */
		52C475A22429A2A400E8F52F /* Main.storyboard */ = {
			isa = PBXVariantGroup;
			children = (
				52C475A32429A2A400E8F52F /* Base */,
			);
			name = Main.storyboard;
			sourceTree = "<group>";
		};
		52C475A72429A2A600E8F52F /* LaunchScreen.storyboard */ = {
			isa = PBXVariantGroup;
			children = (
				52C475A82429A2A600E8F52F /* Base */,
			);
			name = LaunchScreen.storyboard;
			sourceTree = "<group>";
		};
/* End PBXVariantGroup section */

/* Begin XCBuildConfiguration section */
		52C475AD2429A2A600E8F52F /* Debug */ = {
			isa = XCBuildConfiguration;
			buildSettings = {
				ALWAYS_SEARCH_USER_PATHS = NO;
				CLANG_ANALYZER_NONNULL = YES;
				CLANG_ANALYZER_NUMBER_OBJECT_CONVERSION = YES_AGGRESSIVE;
				CLANG_CXX_LANGUAGE_STANDARD = "gnu++14";
				CLANG_CXX_LIBRARY = "libc++";
				CLANG_ENABLE_MODULES = YES;
				CLANG_ENABLE_OBJC_ARC = YES;
				CLANG_ENABLE_OBJC_WEAK = YES;
				CLANG_WARN_BLOCK_CAPTURE_AUTORELEASING = YES;
				CLANG_WARN_BOOL_CONVERSION = YES;
				CLANG_WARN_COMMA = YES;
				CLANG_WARN_CONSTANT_CONVERSION = YES;
				CLANG_WARN_DEPRECATED_OBJC_IMPLEMENTATIONS = YES;
				CLANG_WARN_DIRECT_OBJC_ISA_USAGE = YES_ERROR;
				CLANG_WARN_DOCUMENTATION_COMMENTS = YES;
				CLANG_WARN_EMPTY_BODY = YES;
				CLANG_WARN_ENUM_CONVERSION = YES;
				CLANG_WARN_INFINITE_RECURSION = YES;
				CLANG_WARN_INT_CONVERSION = YES;
				CLANG_WARN_NON_LITERAL_NULL_CONVERSION = YES;
				CLANG_WARN_OBJC_IMPLICIT_RETAIN_SELF = YES;
				CLANG_WARN_OBJC_LITERAL_CONVERSION = YES;
				CLANG_WARN_OBJC_ROOT_CLASS = YES_ERROR;
				CLANG_WARN_RANGE_LOOP_ANALYSIS = YES;
				CLANG_WARN_STRICT_PROTOTYPES = YES;
				CLANG_WARN_SUSPICIOUS_MOVE = YES;
				CLANG_WARN_UNGUARDED_AVAILABILITY = YES_AGGRESSIVE;
				CLANG_WARN_UNREACHABLE_CODE = YES;
				CLANG_WARN__DUPLICATE_METHOD_MATCH = YES;
				COPY_PHASE_STRIP = NO;
				DEBUG_INFORMATION_FORMAT = dwarf;
				ENABLE_STRICT_OBJC_MSGSEND = YES;
				ENABLE_TESTABILITY = YES;
				GCC_C_LANGUAGE_STANDARD = gnu11;
				GCC_DYNAMIC_NO_PIC = NO;
				GCC_NO_COMMON_BLOCKS = YES;
				GCC_OPTIMIZATION_LEVEL = 0;
				GCC_PREPROCESSOR_DEFINITIONS = (
					"DEBUG=1",
					"$(inherited)",
				);
				GCC_WARN_64_TO_32_BIT_CONVERSION = YES;
				GCC_WARN_ABOUT_RETURN_TYPE = YES_ERROR;
				GCC_WARN_UNDECLARED_SELECTOR = YES;
				GCC_WARN_UNINITIALIZED_AUTOS = YES_AGGRESSIVE;
				GCC_WARN_UNUSED_FUNCTION = YES;
				GCC_WARN_UNUSED_VARIABLE = YES;
				IPHONEOS_DEPLOYMENT_TARGET = 13.2;
				MTL_ENABLE_DEBUG_INFO = INCLUDE_SOURCE;
				MTL_FAST_MATH = YES;
				ONLY_ACTIVE_ARCH = YES;
				SDKROOT = iphoneos;
			};
			name = Debug;
		};
		52C475AE2429A2A600E8F52F /* Release */ = {
			isa = XCBuildConfiguration;
			buildSettings = {
				ALWAYS_SEARCH_USER_PATHS = NO;
				CLANG_ANALYZER_NONNULL = YES;
				CLANG_ANALYZER_NUMBER_OBJECT_CONVERSION = YES_AGGRESSIVE;
				CLANG_CXX_LANGUAGE_STANDARD = "gnu++14";
				CLANG_CXX_LIBRARY = "libc++";
				CLANG_ENABLE_MODULES = YES;
				CLANG_ENABLE_OBJC_ARC = YES;
				CLANG_ENABLE_OBJC_WEAK = YES;
				CLANG_WARN_BLOCK_CAPTURE_AUTORELEASING = YES;
				CLANG_WARN_BOOL_CONVERSION = YES;
				CLANG_WARN_COMMA = YES;
				CLANG_WARN_CONSTANT_CONVERSION = YES;
				CLANG_WARN_DEPRECATED_OBJC_IMPLEMENTATIONS = YES;
				CLANG_WARN_DIRECT_OBJC_ISA_USAGE = YES_ERROR;
				CLANG_WARN_DOCUMENTATION_COMMENTS = YES;
				CLANG_WARN_EMPTY_BODY = YES;
				CLANG_WARN_ENUM_CONVERSION = YES;
				CLANG_WARN_INFINITE_RECURSION = YES;
				CLANG_WARN_INT_CONVERSION = YES;
				CLANG_WARN_NON_LITERAL_NULL_CONVERSION = YES;
				CLANG_WARN_OBJC_IMPLICIT_RETAIN_SELF = YES;
				CLANG_WARN_OBJC_LITERAL_CONVERSION = YES;
				CLANG_WARN_OBJC_ROOT_CLASS = YES_ERROR;
				CLANG_WARN_RANGE_LOOP_ANALYSIS = YES;
				CLANG_WARN_STRICT_PROTOTYPES = YES;
				CLANG_WARN_SUSPICIOUS_MOVE = YES;
				CLANG_WARN_UNGUARDED_AVAILABILITY = YES_AGGRESSIVE;
				CLANG_WARN_UNREACHABLE_CODE = YES;
				CLANG_WARN__DUPLICATE_METHOD_MATCH = YES;
				COPY_PHASE_STRIP = NO;
				DEBUG_INFORMATION_FORMAT = "dwarf-with-dsym";
				ENABLE_NS_ASSERTIONS = NO;
				ENABLE_STRICT_OBJC_MSGSEND = YES;
				GCC_C_LANGUAGE_STANDARD = gnu11;
				GCC_NO_COMMON_BLOCKS = YES;
				GCC_WARN_64_TO_32_BIT_CONVERSION = YES;
				GCC_WARN_ABOUT_RETURN_TYPE = YES_ERROR;
				GCC_WARN_UNDECLARED_SELECTOR = YES;
				GCC_WARN_UNINITIALIZED_AUTOS = YES_AGGRESSIVE;
				GCC_WARN_UNUSED_FUNCTION = YES;
				GCC_WARN_UNUSED_VARIABLE = YES;
				IPHONEOS_DEPLOYMENT_TARGET = 13.2;
				MTL_ENABLE_DEBUG_INFO = NO;
				MTL_FAST_MATH = YES;
				SDKROOT = iphoneos;
				VALIDATE_PRODUCT = YES;
			};
			name = Release;
		};
		52C475B02429A2A600E8F52F /* Debug */ = {
			isa = XCBuildConfiguration;
			baseConfigurationReference = 2606EB08BA980EEFC8098AD4 /* Pods-RunTime.debug.xcconfig */;
			buildSettings = {
				ASSETCATALOG_COMPILER_APPICON_NAME = AppIcon;
				CODE_SIGN_STYLE = Automatic;
				INFOPLIST_FILE = RunTime/Info.plist;
				LD_RUNPATH_SEARCH_PATHS = (
					"$(inherited)",
					"@executable_path/Frameworks",
				);
				PRODUCT_BUNDLE_IDENTIFIER = AG.RunTime;
				PRODUCT_NAME = "$(TARGET_NAME)";
				TARGETED_DEVICE_FAMILY = "1,2";
			};
			name = Debug;
		};
		52C475B12429A2A600E8F52F /* Release */ = {
			isa = XCBuildConfiguration;
			baseConfigurationReference = 40DE461113DB117B49C0872D /* Pods-RunTime.release.xcconfig */;
			buildSettings = {
				ASSETCATALOG_COMPILER_APPICON_NAME = AppIcon;
				CODE_SIGN_STYLE = Automatic;
				INFOPLIST_FILE = RunTime/Info.plist;
				LD_RUNPATH_SEARCH_PATHS = (
					"$(inherited)",
					"@executable_path/Frameworks",
				);
				PRODUCT_BUNDLE_IDENTIFIER = AG.RunTime;
				PRODUCT_NAME = "$(TARGET_NAME)";
				TARGETED_DEVICE_FAMILY = "1,2";
			};
			name = Release;
		};
/* End XCBuildConfiguration section */

/* Begin XCConfigurationList section */
		52C475912429A2A400E8F52F /* Build configuration list for PBXProject "RunTime" */ = {
			isa = XCConfigurationList;
			buildConfigurations = (
				52C475AD2429A2A600E8F52F /* Debug */,
				52C475AE2429A2A600E8F52F /* Release */,
			);
			defaultConfigurationIsVisible = 0;
			defaultConfigurationName = Release;
		};
		52C475AF2429A2A600E8F52F /* Build configuration list for PBXNativeTarget "RunTime" */ = {
			isa = XCConfigurationList;
			buildConfigurations = (
				52C475B02429A2A600E8F52F /* Debug */,
				52C475B12429A2A600E8F52F /* Release */,
			);
			defaultConfigurationIsVisible = 0;
			defaultConfigurationName = Release;
		};
/* End XCConfigurationList section */
	};
	rootObject = 52C4758E2429A2A400E8F52F /* Project object */;
}
